// !$*UTF8*$!
{
	archiveVersion = 1;
	classes = {
	};
	objectVersion = 56;
	objects = {

/* Begin PBXBuildFile section */
		09107C102C00C67C000BE40B /* WeatherApp.swift in Sources */ = {isa = PBXBuildFile; fileRef = 09107C0F2C00C67C000BE40B /* WeatherApp.swift */; };
		09107C122C00C67C000BE40B /* ContentView.swift in Sources */ = {isa = PBXBuildFile; fileRef = 09107C112C00C67C000BE40B /* ContentView.swift */; };
		09107C142C00C67E000BE40B /* Assets.xcassets in Resources */ = {isa = PBXBuildFile; fileRef = 09107C132C00C67E000BE40B /* Assets.xcassets */; };
		09107C172C00C67E000BE40B /* Preview Assets.xcassets in Resources */ = {isa = PBXBuildFile; fileRef = 09107C162C00C67E000BE40B /* Preview Assets.xcassets */; };
		09107C2B2C00C67F000BE40B /* WeatherAppUITests.swift in Sources */ = {isa = PBXBuildFile; fileRef = 09107C2A2C00C67F000BE40B /* WeatherAppUITests.swift */; };
		09107C2D2C00C67F000BE40B /* WeatherAppUITestsLaunchTests.swift in Sources */ = {isa = PBXBuildFile; fileRef = 09107C2C2C00C67F000BE40B /* WeatherAppUITestsLaunchTests.swift */; };
		091E54F12C03765C0027818A /* WelcomeView.swift in Sources */ = {isa = PBXBuildFile; fileRef = 091E54F02C03765C0027818A /* WelcomeView.swift */; };
		091E54F32C037AE40027818A /* LoadingView.swift in Sources */ = {isa = PBXBuildFile; fileRef = 091E54F22C037AE40027818A /* LoadingView.swift */; };
		091E54F92C0389C20027818A /* WeatherView.swift in Sources */ = {isa = PBXBuildFile; fileRef = 091E54F82C0389C20027818A /* WeatherView.swift */; };
		091E54FF2C038EEF0027818A /* Extensions.swift in Sources */ = {isa = PBXBuildFile; fileRef = 091E54FE2C038EEF0027818A /* Extensions.swift */; };
		091E55022C0394F90027818A /* WeatherRowView.swift in Sources */ = {isa = PBXBuildFile; fileRef = 091E55012C0394F90027818A /* WeatherRowView.swift */; };
		091FEA7E2C0DE785009B194E /* SnapshotTesting in Frameworks */ = {isa = PBXBuildFile; productRef = 091FEA7D2C0DE785009B194E /* SnapshotTesting */; };
		091FEA812C0DE811009B194E /* WeatherAppSnapshotsTests.swift in Sources */ = {isa = PBXBuildFile; fileRef = 091FEA802C0DE811009B194E /* WeatherAppSnapshotsTests.swift */; };
		8712C3812C0732C000D06B0D /* WeatherAPI.swift in Sources */ = {isa = PBXBuildFile; fileRef = 8712C3802C0732C000D06B0D /* WeatherAPI.swift */; };
		8712C3832C074EF700D06B0D /* CitySearchView.swift in Sources */ = {isa = PBXBuildFile; fileRef = 8712C3822C074EF700D06B0D /* CitySearchView.swift */; };
		874D22EA2C1F0A3B003111BA /* WeatherUseCase.swift in Sources */ = {isa = PBXBuildFile; fileRef = 874D22E92C1F0A3B003111BA /* WeatherUseCase.swift */; };
		874D22EC2C1F0A49003111BA /* WeatherUseCaseProtocol.swift in Sources */ = {isa = PBXBuildFile; fileRef = 874D22EB2C1F0A49003111BA /* WeatherUseCaseProtocol.swift */; };
		874D22EF2C1F0A79003111BA /* WeatherRepository.swift in Sources */ = {isa = PBXBuildFile; fileRef = 874D22EE2C1F0A79003111BA /* WeatherRepository.swift */; };
		874D22F42C1F0A9D003111BA /* WeatherServiceProtocol.swift in Sources */ = {isa = PBXBuildFile; fileRef = 874D22F32C1F0A9D003111BA /* WeatherServiceProtocol.swift */; };
		874D22F62C1F0BF2003111BA /* LocationUseCase.swift in Sources */ = {isa = PBXBuildFile; fileRef = 874D22F52C1F0BF2003111BA /* LocationUseCase.swift */; };
		874D22F82C1F0BFC003111BA /* LocationUseCaseProtocol.swift in Sources */ = {isa = PBXBuildFile; fileRef = 874D22F72C1F0BFC003111BA /* LocationUseCaseProtocol.swift */; };
		874D22FC2C1F0C33003111BA /* LocationRepository.swift in Sources */ = {isa = PBXBuildFile; fileRef = 874D22FB2C1F0C33003111BA /* LocationRepository.swift */; };
		874D23022C1F0C5F003111BA /* LocationServiceProtocol.swift in Sources */ = {isa = PBXBuildFile; fileRef = 874D23012C1F0C5F003111BA /* LocationServiceProtocol.swift */; };
		874D23072C1F21CB003111BA /* WeatherResponse.swift in Sources */ = {isa = PBXBuildFile; fileRef = 874D23062C1F21CB003111BA /* WeatherResponse.swift */; };
		874D23092C1F56E2003111BA /* WeatherRepositoryProtocol.swift in Sources */ = {isa = PBXBuildFile; fileRef = 874D23082C1F56E2003111BA /* WeatherRepositoryProtocol.swift */; };
		874D230B2C1F56F9003111BA /* LocationRepositoryProtocol.swift in Sources */ = {isa = PBXBuildFile; fileRef = 874D230A2C1F56F9003111BA /* LocationRepositoryProtocol.swift */; };
		874D230F2C205BCD003111BA /* WeatherService.swift in Sources */ = {isa = PBXBuildFile; fileRef = 874D230E2C205BCD003111BA /* WeatherService.swift */; };
		874D23112C205BDD003111BA /* LocationService.swift in Sources */ = {isa = PBXBuildFile; fileRef = 874D23102C205BDD003111BA /* LocationService.swift */; };
		874D23142C206AA3003111BA /* MockWeatherService.swift in Sources */ = {isa = PBXBuildFile; fileRef = 874D23132C206AA3003111BA /* MockWeatherService.swift */; };
		874D23182C206ACA003111BA /* MockLocationService.swift in Sources */ = {isa = PBXBuildFile; fileRef = 874D23172C206ACA003111BA /* MockLocationService.swift */; };
		874D231C2C206B13003111BA /* MockWeatherRepository.swift in Sources */ = {isa = PBXBuildFile; fileRef = 874D231B2C206B13003111BA /* MockWeatherRepository.swift */; };
		874D231E2C206B20003111BA /* MockLocationRepository.swift in Sources */ = {isa = PBXBuildFile; fileRef = 874D231D2C206B20003111BA /* MockLocationRepository.swift */; };
		874D23202C206B33003111BA /* MockWeatherUseCase.swift in Sources */ = {isa = PBXBuildFile; fileRef = 874D231F2C206B33003111BA /* MockWeatherUseCase.swift */; };
		874D23222C206B41003111BA /* MockLocationUseCase.swift in Sources */ = {isa = PBXBuildFile; fileRef = 874D23212C206B41003111BA /* MockLocationUseCase.swift */; };
		874D23252C2078D4003111BA /* LocationServiceTests.swift in Sources */ = {isa = PBXBuildFile; fileRef = 874D23242C2078D4003111BA /* LocationServiceTests.swift */; };
		874D23272C2081C4003111BA /* WeatherServiceTests.swift in Sources */ = {isa = PBXBuildFile; fileRef = 874D23262C2081C4003111BA /* WeatherServiceTests.swift */; };
		874D232B2C208668003111BA /* LocationRepositoryTests.swift in Sources */ = {isa = PBXBuildFile; fileRef = 874D232A2C208668003111BA /* LocationRepositoryTests.swift */; };
		874D232D2C20867A003111BA /* WeatherRepositoryTests.swift in Sources */ = {isa = PBXBuildFile; fileRef = 874D232C2C20867A003111BA /* WeatherRepositoryTests.swift */; };
		874D23302C2086A3003111BA /* LocationUseCaseTests.swift in Sources */ = {isa = PBXBuildFile; fileRef = 874D232F2C2086A3003111BA /* LocationUseCaseTests.swift */; };
		874D23322C2086B0003111BA /* WeatherUseCaseTests.swift in Sources */ = {isa = PBXBuildFile; fileRef = 874D23312C2086B0003111BA /* WeatherUseCaseTests.swift */; };
		877E010C2C18816D0020C4E0 /* Location.swift in Sources */ = {isa = PBXBuildFile; fileRef = 877E010B2C18816D0020C4E0 /* Location.swift */; };
		877E010E2C18838D0020C4E0 /* LocationError.swift in Sources */ = {isa = PBXBuildFile; fileRef = 877E010D2C18838D0020C4E0 /* LocationError.swift */; };
		878FD1832C2C2E8200B2BDA2 /* WeatherDetailsView.swift in Sources */ = {isa = PBXBuildFile; fileRef = 878FD1822C2C2E8200B2BDA2 /* WeatherDetailsView.swift */; };
		878FD1852C2C2F4900B2BDA2 /* WeatherInfoView.swift in Sources */ = {isa = PBXBuildFile; fileRef = 878FD1842C2C2F4900B2BDA2 /* WeatherInfoView.swift */; };
		878FD1872C2C2F6E00B2BDA2 /* CityInfoView.swift in Sources */ = {isa = PBXBuildFile; fileRef = 878FD1862C2C2F6E00B2BDA2 /* CityInfoView.swift */; };
		878FD1892C2C2FD500B2BDA2 /* WeatherIconView.swift in Sources */ = {isa = PBXBuildFile; fileRef = 878FD1882C2C2FD500B2BDA2 /* WeatherIconView.swift */; };
		8796B1BD2C19CB1D00CE660E /* MockCLLocationManager.swift in Sources */ = {isa = PBXBuildFile; fileRef = 8796B1BC2C19CB1D00CE660E /* MockCLLocationManager.swift */; };
		8796B1C02C19CDD700CE660E /* ExtensionTests.swift in Sources */ = {isa = PBXBuildFile; fileRef = 8796B1BF2C19CDD700CE660E /* ExtensionTests.swift */; };
		8796B1C32C19CF2300CE660E /* LocationErrorTests.swift in Sources */ = {isa = PBXBuildFile; fileRef = 8796B1C22C19CF2300CE660E /* LocationErrorTests.swift */; };
		8796B1C52C19CFD600CE660E /* WeatherResponseTests.swift in Sources */ = {isa = PBXBuildFile; fileRef = 8796B1C42C19CFD600CE660E /* WeatherResponseTests.swift */; };
		87A952592C11A98800B0381B /* Weather.swift in Sources */ = {isa = PBXBuildFile; fileRef = 87A952582C11A98800B0381B /* Weather.swift */; };
		87A9525C2C11A9AF00B0381B /* WeatherViewModel.swift in Sources */ = {isa = PBXBuildFile; fileRef = 87A9525B2C11A9AF00B0381B /* WeatherViewModel.swift */; };
		87B6ABF62C19C05A0085BEF0 /* WeatherViewModelTests.swift in Sources */ = {isa = PBXBuildFile; fileRef = 87B6ABF52C19C05A0085BEF0 /* WeatherViewModelTests.swift */; };
		87F3FAAE2C2C104B0042DC6D /* CustomTextField.swift in Sources */ = {isa = PBXBuildFile; fileRef = 87F3FAAD2C2C104B0042DC6D /* CustomTextField.swift */; };
/* End PBXBuildFile section */

/* Begin PBXContainerItemProxy section */
		09107C1D2C00C67F000BE40B /* PBXContainerItemProxy */ = {
			isa = PBXContainerItemProxy;
			containerPortal = 09107C042C00C67C000BE40B /* Project object */;
			proxyType = 1;
			remoteGlobalIDString = 09107C0B2C00C67C000BE40B;
			remoteInfo = WeatherApp;
		};
		09107C272C00C67F000BE40B /* PBXContainerItemProxy */ = {
			isa = PBXContainerItemProxy;
			containerPortal = 09107C042C00C67C000BE40B /* Project object */;
			proxyType = 1;
			remoteGlobalIDString = 09107C0B2C00C67C000BE40B;
			remoteInfo = WeatherApp;
		};
/* End PBXContainerItemProxy section */

/* Begin PBXFileReference section */
		09107C0C2C00C67C000BE40B /* WeatherApp.app */ = {isa = PBXFileReference; explicitFileType = wrapper.application; includeInIndex = 0; path = WeatherApp.app; sourceTree = BUILT_PRODUCTS_DIR; };
		09107C0F2C00C67C000BE40B /* WeatherApp.swift */ = {isa = PBXFileReference; lastKnownFileType = sourcecode.swift; path = WeatherApp.swift; sourceTree = "<group>"; };
		09107C112C00C67C000BE40B /* ContentView.swift */ = {isa = PBXFileReference; lastKnownFileType = sourcecode.swift; path = ContentView.swift; sourceTree = "<group>"; };
		09107C132C00C67E000BE40B /* Assets.xcassets */ = {isa = PBXFileReference; lastKnownFileType = folder.assetcatalog; path = Assets.xcassets; sourceTree = "<group>"; };
		09107C162C00C67E000BE40B /* Preview Assets.xcassets */ = {isa = PBXFileReference; lastKnownFileType = folder.assetcatalog; path = "Preview Assets.xcassets"; sourceTree = "<group>"; };
		09107C1C2C00C67F000BE40B /* WeatherAppTests.xctest */ = {isa = PBXFileReference; explicitFileType = wrapper.cfbundle; includeInIndex = 0; path = WeatherAppTests.xctest; sourceTree = BUILT_PRODUCTS_DIR; };
		09107C262C00C67F000BE40B /* WeatherAppUITests.xctest */ = {isa = PBXFileReference; explicitFileType = wrapper.cfbundle; includeInIndex = 0; path = WeatherAppUITests.xctest; sourceTree = BUILT_PRODUCTS_DIR; };
		09107C2A2C00C67F000BE40B /* WeatherAppUITests.swift */ = {isa = PBXFileReference; lastKnownFileType = sourcecode.swift; path = WeatherAppUITests.swift; sourceTree = "<group>"; };
		09107C2C2C00C67F000BE40B /* WeatherAppUITestsLaunchTests.swift */ = {isa = PBXFileReference; lastKnownFileType = sourcecode.swift; path = WeatherAppUITestsLaunchTests.swift; sourceTree = "<group>"; };
		091E54F02C03765C0027818A /* WelcomeView.swift */ = {isa = PBXFileReference; lastKnownFileType = sourcecode.swift; path = WelcomeView.swift; sourceTree = "<group>"; };
		091E54F22C037AE40027818A /* LoadingView.swift */ = {isa = PBXFileReference; lastKnownFileType = sourcecode.swift; path = LoadingView.swift; sourceTree = "<group>"; };
		091E54F82C0389C20027818A /* WeatherView.swift */ = {isa = PBXFileReference; lastKnownFileType = sourcecode.swift; path = WeatherView.swift; sourceTree = "<group>"; };
		091E54FE2C038EEF0027818A /* Extensions.swift */ = {isa = PBXFileReference; lastKnownFileType = sourcecode.swift; path = Extensions.swift; sourceTree = "<group>"; };
		091E55012C0394F90027818A /* WeatherRowView.swift */ = {isa = PBXFileReference; lastKnownFileType = sourcecode.swift; path = WeatherRowView.swift; sourceTree = "<group>"; };
		091FEA802C0DE811009B194E /* WeatherAppSnapshotsTests.swift */ = {isa = PBXFileReference; lastKnownFileType = sourcecode.swift; path = WeatherAppSnapshotsTests.swift; sourceTree = "<group>"; };
		8712C3802C0732C000D06B0D /* WeatherAPI.swift */ = {isa = PBXFileReference; lastKnownFileType = sourcecode.swift; path = WeatherAPI.swift; sourceTree = "<group>"; };
		8712C3822C074EF700D06B0D /* CitySearchView.swift */ = {isa = PBXFileReference; lastKnownFileType = sourcecode.swift; path = CitySearchView.swift; sourceTree = "<group>"; };
		874D22E92C1F0A3B003111BA /* WeatherUseCase.swift */ = {isa = PBXFileReference; lastKnownFileType = sourcecode.swift; path = WeatherUseCase.swift; sourceTree = "<group>"; };
		874D22EB2C1F0A49003111BA /* WeatherUseCaseProtocol.swift */ = {isa = PBXFileReference; lastKnownFileType = sourcecode.swift; path = WeatherUseCaseProtocol.swift; sourceTree = "<group>"; };
		874D22EE2C1F0A79003111BA /* WeatherRepository.swift */ = {isa = PBXFileReference; lastKnownFileType = sourcecode.swift; path = WeatherRepository.swift; sourceTree = "<group>"; };
		874D22F32C1F0A9D003111BA /* WeatherServiceProtocol.swift */ = {isa = PBXFileReference; lastKnownFileType = sourcecode.swift; path = WeatherServiceProtocol.swift; sourceTree = "<group>"; };
		874D22F52C1F0BF2003111BA /* LocationUseCase.swift */ = {isa = PBXFileReference; lastKnownFileType = sourcecode.swift; path = LocationUseCase.swift; sourceTree = "<group>"; };
		874D22F72C1F0BFC003111BA /* LocationUseCaseProtocol.swift */ = {isa = PBXFileReference; lastKnownFileType = sourcecode.swift; path = LocationUseCaseProtocol.swift; sourceTree = "<group>"; };
		874D22FB2C1F0C33003111BA /* LocationRepository.swift */ = {isa = PBXFileReference; lastKnownFileType = sourcecode.swift; path = LocationRepository.swift; sourceTree = "<group>"; };
		874D23012C1F0C5F003111BA /* LocationServiceProtocol.swift */ = {isa = PBXFileReference; lastKnownFileType = sourcecode.swift; path = LocationServiceProtocol.swift; sourceTree = "<group>"; };
		874D23062C1F21CB003111BA /* WeatherResponse.swift */ = {isa = PBXFileReference; lastKnownFileType = sourcecode.swift; path = WeatherResponse.swift; sourceTree = "<group>"; };
		874D23082C1F56E2003111BA /* WeatherRepositoryProtocol.swift */ = {isa = PBXFileReference; lastKnownFileType = sourcecode.swift; path = WeatherRepositoryProtocol.swift; sourceTree = "<group>"; };
		874D230A2C1F56F9003111BA /* LocationRepositoryProtocol.swift */ = {isa = PBXFileReference; lastKnownFileType = sourcecode.swift; path = LocationRepositoryProtocol.swift; sourceTree = "<group>"; };
		874D230E2C205BCD003111BA /* WeatherService.swift */ = {isa = PBXFileReference; lastKnownFileType = sourcecode.swift; path = WeatherService.swift; sourceTree = "<group>"; };
		874D23102C205BDD003111BA /* LocationService.swift */ = {isa = PBXFileReference; lastKnownFileType = sourcecode.swift; path = LocationService.swift; sourceTree = "<group>"; };
		874D23132C206AA3003111BA /* MockWeatherService.swift */ = {isa = PBXFileReference; lastKnownFileType = sourcecode.swift; path = MockWeatherService.swift; sourceTree = "<group>"; };
		874D23172C206ACA003111BA /* MockLocationService.swift */ = {isa = PBXFileReference; lastKnownFileType = sourcecode.swift; path = MockLocationService.swift; sourceTree = "<group>"; };
		874D231B2C206B13003111BA /* MockWeatherRepository.swift */ = {isa = PBXFileReference; lastKnownFileType = sourcecode.swift; path = MockWeatherRepository.swift; sourceTree = "<group>"; };
		874D231D2C206B20003111BA /* MockLocationRepository.swift */ = {isa = PBXFileReference; lastKnownFileType = sourcecode.swift; path = MockLocationRepository.swift; sourceTree = "<group>"; };
		874D231F2C206B33003111BA /* MockWeatherUseCase.swift */ = {isa = PBXFileReference; lastKnownFileType = sourcecode.swift; path = MockWeatherUseCase.swift; sourceTree = "<group>"; };
		874D23212C206B41003111BA /* MockLocationUseCase.swift */ = {isa = PBXFileReference; lastKnownFileType = sourcecode.swift; path = MockLocationUseCase.swift; sourceTree = "<group>"; };
		874D23242C2078D4003111BA /* LocationServiceTests.swift */ = {isa = PBXFileReference; lastKnownFileType = sourcecode.swift; path = LocationServiceTests.swift; sourceTree = "<group>"; };
		874D23262C2081C4003111BA /* WeatherServiceTests.swift */ = {isa = PBXFileReference; lastKnownFileType = sourcecode.swift; path = WeatherServiceTests.swift; sourceTree = "<group>"; };
		874D232A2C208668003111BA /* LocationRepositoryTests.swift */ = {isa = PBXFileReference; lastKnownFileType = sourcecode.swift; path = LocationRepositoryTests.swift; sourceTree = "<group>"; };
		874D232C2C20867A003111BA /* WeatherRepositoryTests.swift */ = {isa = PBXFileReference; lastKnownFileType = sourcecode.swift; path = WeatherRepositoryTests.swift; sourceTree = "<group>"; };
		874D232F2C2086A3003111BA /* LocationUseCaseTests.swift */ = {isa = PBXFileReference; lastKnownFileType = sourcecode.swift; path = LocationUseCaseTests.swift; sourceTree = "<group>"; };
		874D23312C2086B0003111BA /* WeatherUseCaseTests.swift */ = {isa = PBXFileReference; lastKnownFileType = sourcecode.swift; path = WeatherUseCaseTests.swift; sourceTree = "<group>"; };
		877E010B2C18816D0020C4E0 /* Location.swift */ = {isa = PBXFileReference; lastKnownFileType = sourcecode.swift; path = Location.swift; sourceTree = "<group>"; };
		877E010D2C18838D0020C4E0 /* LocationError.swift */ = {isa = PBXFileReference; lastKnownFileType = sourcecode.swift; path = LocationError.swift; sourceTree = "<group>"; };
		878FD1822C2C2E8200B2BDA2 /* WeatherDetailsView.swift */ = {isa = PBXFileReference; lastKnownFileType = sourcecode.swift; path = WeatherDetailsView.swift; sourceTree = "<group>"; };
		878FD1842C2C2F4900B2BDA2 /* WeatherInfoView.swift */ = {isa = PBXFileReference; lastKnownFileType = sourcecode.swift; path = WeatherInfoView.swift; sourceTree = "<group>"; };
		878FD1862C2C2F6E00B2BDA2 /* CityInfoView.swift */ = {isa = PBXFileReference; lastKnownFileType = sourcecode.swift; path = CityInfoView.swift; sourceTree = "<group>"; };
		878FD1882C2C2FD500B2BDA2 /* WeatherIconView.swift */ = {isa = PBXFileReference; lastKnownFileType = sourcecode.swift; path = WeatherIconView.swift; sourceTree = "<group>"; };
		8796B1BC2C19CB1D00CE660E /* MockCLLocationManager.swift */ = {isa = PBXFileReference; lastKnownFileType = sourcecode.swift; path = MockCLLocationManager.swift; sourceTree = "<group>"; };
		8796B1BF2C19CDD700CE660E /* ExtensionTests.swift */ = {isa = PBXFileReference; lastKnownFileType = sourcecode.swift; path = ExtensionTests.swift; sourceTree = "<group>"; };
		8796B1C22C19CF2300CE660E /* LocationErrorTests.swift */ = {isa = PBXFileReference; lastKnownFileType = sourcecode.swift; path = LocationErrorTests.swift; sourceTree = "<group>"; };
		8796B1C42C19CFD600CE660E /* WeatherResponseTests.swift */ = {isa = PBXFileReference; lastKnownFileType = sourcecode.swift; path = WeatherResponseTests.swift; sourceTree = "<group>"; };
		87A952582C11A98800B0381B /* Weather.swift */ = {isa = PBXFileReference; lastKnownFileType = sourcecode.swift; path = Weather.swift; sourceTree = "<group>"; };
		87A9525B2C11A9AF00B0381B /* WeatherViewModel.swift */ = {isa = PBXFileReference; lastKnownFileType = sourcecode.swift; path = WeatherViewModel.swift; sourceTree = "<group>"; };
		87B6ABF52C19C05A0085BEF0 /* WeatherViewModelTests.swift */ = {isa = PBXFileReference; lastKnownFileType = sourcecode.swift; path = WeatherViewModelTests.swift; sourceTree = "<group>"; };
		87F3FAAD2C2C104B0042DC6D /* CustomTextField.swift */ = {isa = PBXFileReference; lastKnownFileType = sourcecode.swift; path = CustomTextField.swift; sourceTree = "<group>"; };
/* End PBXFileReference section */

/* Begin PBXFrameworksBuildPhase section */
		09107C092C00C67C000BE40B /* Frameworks */ = {
			isa = PBXFrameworksBuildPhase;
			buildActionMask = 2147483647;
			files = (
			);
			runOnlyForDeploymentPostprocessing = 0;
		};
		09107C192C00C67F000BE40B /* Frameworks */ = {
			isa = PBXFrameworksBuildPhase;
			buildActionMask = 2147483647;
			files = (
				091FEA7E2C0DE785009B194E /* SnapshotTesting in Frameworks */,
			);
			runOnlyForDeploymentPostprocessing = 0;
		};
		09107C232C00C67F000BE40B /* Frameworks */ = {
			isa = PBXFrameworksBuildPhase;
			buildActionMask = 2147483647;
			files = (
			);
			runOnlyForDeploymentPostprocessing = 0;
		};
/* End PBXFrameworksBuildPhase section */

/* Begin PBXGroup section */
		09107C032C00C67C000BE40B = {
			isa = PBXGroup;
			children = (
				09107C0E2C00C67C000BE40B /* WeatherApp */,
				09107C1F2C00C67F000BE40B /* WeatherAppTests */,
				09107C292C00C67F000BE40B /* WeatherAppUITests */,
				09107C0D2C00C67C000BE40B /* Products */,
			);
			sourceTree = "<group>";
		};
		09107C0D2C00C67C000BE40B /* Products */ = {
			isa = PBXGroup;
			children = (
				09107C0C2C00C67C000BE40B /* WeatherApp.app */,
				09107C1C2C00C67F000BE40B /* WeatherAppTests.xctest */,
				09107C262C00C67F000BE40B /* WeatherAppUITests.xctest */,
			);
			name = Products;
			sourceTree = "<group>";
		};
		09107C0E2C00C67C000BE40B /* WeatherApp */ = {
			isa = PBXGroup;
			children = (
				877E01082C1878680020C4E0 /* Utils */,
				87A952552C11A93D00B0381B /* Presentation */,
				87A952502C11A8B300B0381B /* Domain */,
				87A952542C11A8F000B0381B /* Data */,
				8712C37D2C072CD200D06B0D /* Networking */,
				09107C0F2C00C67C000BE40B /* WeatherApp.swift */,
				09107C132C00C67E000BE40B /* Assets.xcassets */,
				09107C152C00C67E000BE40B /* Preview Content */,
			);
			path = WeatherApp;
			sourceTree = "<group>";
		};
		09107C152C00C67E000BE40B /* Preview Content */ = {
			isa = PBXGroup;
			children = (
				09107C162C00C67E000BE40B /* Preview Assets.xcassets */,
			);
			path = "Preview Content";
			sourceTree = "<group>";
		};
		09107C1F2C00C67F000BE40B /* WeatherAppTests */ = {
			isa = PBXGroup;
			children = (
				874D23232C2078A5003111BA /* Modules */,
				8796B1C12C19CF0500CE660E /* Entities */,
				8796B1BE2C19CDBA00CE660E /* Extensions */,
				091FEA7F2C0DE799009B194E /* Snapshots */,
			);
			path = WeatherAppTests;
			sourceTree = "<group>";
		};
		09107C292C00C67F000BE40B /* WeatherAppUITests */ = {
			isa = PBXGroup;
			children = (
				09107C2A2C00C67F000BE40B /* WeatherAppUITests.swift */,
				09107C2C2C00C67F000BE40B /* WeatherAppUITestsLaunchTests.swift */,
			);
			path = WeatherAppUITests;
			sourceTree = "<group>";
		};
		091E55002C0394E30027818A /* Components */ = {
			isa = PBXGroup;
			children = (
				878FD18C2C2C371E00B2BDA2 /* Common */,
				878FD18A2C2C370700B2BDA2 /* Weather */,
			);
			path = Components;
			sourceTree = "<group>";
		};
		091FEA7F2C0DE799009B194E /* Snapshots */ = {
			isa = PBXGroup;
			children = (
				091FEA802C0DE811009B194E /* WeatherAppSnapshotsTests.swift */,
			);
			path = Snapshots;
			sourceTree = "<group>";
		};
		870B06972C0CCFBD00E6E6C0 /* Location Manager */ = {
			isa = PBXGroup;
			children = (
				8796B1BC2C19CB1D00CE660E /* MockCLLocationManager.swift */,
			);
			path = "Location Manager";
			sourceTree = "<group>";
		};
		8712C37D2C072CD200D06B0D /* Networking */ = {
			isa = PBXGroup;
			children = (
				8712C3802C0732C000D06B0D /* WeatherAPI.swift */,
			);
			path = Networking;
			sourceTree = "<group>";
		};
		874D22E82C1F0A23003111BA /* UseCases */ = {
			isa = PBXGroup;
			children = (
				874D22FA2C1F0C10003111BA /* Weather */,
				874D22F92C1F0C07003111BA /* Location */,
			);
			path = UseCases;
			sourceTree = "<group>";
		};
		874D22ED2C1F0A62003111BA /* Respositories */ = {
			isa = PBXGroup;
			children = (
				874D23002C1F0C50003111BA /* Weather */,
				874D22FF2C1F0C47003111BA /* Location */,
			);
			path = Respositories;
			sourceTree = "<group>";
		};
		874D22F22C1F0A8E003111BA /* Services */ = {
			isa = PBXGroup;
			children = (
				874D230C2C205B72003111BA /* Weather */,
				874D230D2C205B78003111BA /* Location */,
			);
			path = Services;
			sourceTree = "<group>";
		};
		874D22F92C1F0C07003111BA /* Location */ = {
			isa = PBXGroup;
			children = (
				874D22F52C1F0BF2003111BA /* LocationUseCase.swift */,
				874D22F72C1F0BFC003111BA /* LocationUseCaseProtocol.swift */,
			);
			path = Location;
			sourceTree = "<group>";
		};
		874D22FA2C1F0C10003111BA /* Weather */ = {
			isa = PBXGroup;
			children = (
				874D22E92C1F0A3B003111BA /* WeatherUseCase.swift */,
				874D22EB2C1F0A49003111BA /* WeatherUseCaseProtocol.swift */,
			);
			path = Weather;
			sourceTree = "<group>";
		};
		874D22FF2C1F0C47003111BA /* Location */ = {
			isa = PBXGroup;
			children = (
				874D22FB2C1F0C33003111BA /* LocationRepository.swift */,
			);
			path = Location;
			sourceTree = "<group>";
		};
		874D23002C1F0C50003111BA /* Weather */ = {
			isa = PBXGroup;
			children = (
				874D22EE2C1F0A79003111BA /* WeatherRepository.swift */,
			);
			path = Weather;
			sourceTree = "<group>";
		};
		874D23032C1F12B4003111BA /* Interfaces */ = {
			isa = PBXGroup;
			children = (
				874D23042C1F12C5003111BA /* Repository */,
			);
			path = Interfaces;
			sourceTree = "<group>";
		};
		874D23042C1F12C5003111BA /* Repository */ = {
			isa = PBXGroup;
			children = (
				874D23082C1F56E2003111BA /* WeatherRepositoryProtocol.swift */,
				874D230A2C1F56F9003111BA /* LocationRepositoryProtocol.swift */,
			);
			path = Repository;
			sourceTree = "<group>";
		};
		874D23052C1F1486003111BA /* Entities */ = {
			isa = PBXGroup;
			children = (
				874D23062C1F21CB003111BA /* WeatherResponse.swift */,
				877E010D2C18838D0020C4E0 /* LocationError.swift */,
			);
			path = Entities;
			sourceTree = "<group>";
		};
		874D230C2C205B72003111BA /* Weather */ = {
			isa = PBXGroup;
			children = (
				874D230E2C205BCD003111BA /* WeatherService.swift */,
				874D22F32C1F0A9D003111BA /* WeatherServiceProtocol.swift */,
			);
			path = Weather;
			sourceTree = "<group>";
		};
		874D230D2C205B78003111BA /* Location */ = {
			isa = PBXGroup;
			children = (
				874D23102C205BDD003111BA /* LocationService.swift */,
				874D23012C1F0C5F003111BA /* LocationServiceProtocol.swift */,
			);
			path = Location;
			sourceTree = "<group>";
		};
		874D23122C20660D003111BA /* Mocks */ = {
			isa = PBXGroup;
			children = (
				870B06972C0CCFBD00E6E6C0 /* Location Manager */,
				874D231A2C206AE0003111BA /* UseCase */,
				874D23192C206AD5003111BA /* Repository */,
				874D23152C206AAC003111BA /* Service */,
			);
			path = Mocks;
			sourceTree = "<group>";
		};
		874D23152C206AAC003111BA /* Service */ = {
			isa = PBXGroup;
			children = (
				874D23132C206AA3003111BA /* MockWeatherService.swift */,
				874D23172C206ACA003111BA /* MockLocationService.swift */,
			);
			path = Service;
			sourceTree = "<group>";
		};
		874D23192C206AD5003111BA /* Repository */ = {
			isa = PBXGroup;
			children = (
				874D231B2C206B13003111BA /* MockWeatherRepository.swift */,
				874D231D2C206B20003111BA /* MockLocationRepository.swift */,
			);
			path = Repository;
			sourceTree = "<group>";
		};
		874D231A2C206AE0003111BA /* UseCase */ = {
			isa = PBXGroup;
			children = (
				874D231F2C206B33003111BA /* MockWeatherUseCase.swift */,
				874D23212C206B41003111BA /* MockLocationUseCase.swift */,
			);
			path = UseCase;
			sourceTree = "<group>";
		};
		874D23232C2078A5003111BA /* Modules */ = {
			isa = PBXGroup;
			children = (
				874D23122C20660D003111BA /* Mocks */,
				874D232E2C208683003111BA /* UseCases */,
				874D23292C208626003111BA /* Repositories */,
				874D23282C20861B003111BA /* Services */,
				87B6ABF42C19C02F0085BEF0 /* ViewModels */,
			);
			path = Modules;
			sourceTree = "<group>";
		};
		874D23282C20861B003111BA /* Services */ = {
			isa = PBXGroup;
			children = (
				874D23242C2078D4003111BA /* LocationServiceTests.swift */,
				874D23262C2081C4003111BA /* WeatherServiceTests.swift */,
			);
			path = Services;
			sourceTree = "<group>";
		};
		874D23292C208626003111BA /* Repositories */ = {
			isa = PBXGroup;
			children = (
				874D232A2C208668003111BA /* LocationRepositoryTests.swift */,
				874D232C2C20867A003111BA /* WeatherRepositoryTests.swift */,
			);
			path = Repositories;
			sourceTree = "<group>";
		};
		874D232E2C208683003111BA /* UseCases */ = {
			isa = PBXGroup;
			children = (
				874D232F2C2086A3003111BA /* LocationUseCaseTests.swift */,
				874D23312C2086B0003111BA /* WeatherUseCaseTests.swift */,
			);
			path = UseCases;
			sourceTree = "<group>";
		};
		877E01082C1878680020C4E0 /* Utils */ = {
			isa = PBXGroup;
			children = (
				091E54FE2C038EEF0027818A /* Extensions.swift */,
			);
			path = Utils;
			sourceTree = "<group>";
		};
		878FD18A2C2C370700B2BDA2 /* Weather */ = {
			isa = PBXGroup;
			children = (
				878FD1862C2C2F6E00B2BDA2 /* CityInfoView.swift */,
				878FD1842C2C2F4900B2BDA2 /* WeatherInfoView.swift */,
				878FD1882C2C2FD500B2BDA2 /* WeatherIconView.swift */,
				878FD1822C2C2E8200B2BDA2 /* WeatherDetailsView.swift */,
			);
			path = Weather;
			sourceTree = "<group>";
		};
		878FD18C2C2C371E00B2BDA2 /* Common */ = {
			isa = PBXGroup;
			children = (
				091E55012C0394F90027818A /* WeatherRowView.swift */,
				87F3FAAD2C2C104B0042DC6D /* CustomTextField.swift */,
				091E54F22C037AE40027818A /* LoadingView.swift */,
			);
			path = Common;
			sourceTree = "<group>";
		};
		8796B1BE2C19CDBA00CE660E /* Extensions */ = {
			isa = PBXGroup;
			children = (
				8796B1BF2C19CDD700CE660E /* ExtensionTests.swift */,
			);
			path = Extensions;
			sourceTree = "<group>";
		};
		8796B1C12C19CF0500CE660E /* Entities */ = {
			isa = PBXGroup;
			children = (
				8796B1C22C19CF2300CE660E /* LocationErrorTests.swift */,
				8796B1C42C19CFD600CE660E /* WeatherResponseTests.swift */,
			);
			path = Entities;
			sourceTree = "<group>";
		};
		87A952502C11A8B300B0381B /* Domain */ = {
			isa = PBXGroup;
			children = (
				87A952572C11A97700B0381B /* Entities */,
				874D23032C1F12B4003111BA /* Interfaces */,
				874D22E82C1F0A23003111BA /* UseCases */,
			);
			path = Domain;
			sourceTree = "<group>";
		};
		87A952542C11A8F000B0381B /* Data */ = {
			isa = PBXGroup;
			children = (
				874D23052C1F1486003111BA /* Entities */,
				874D22ED2C1F0A62003111BA /* Respositories */,
				874D22F22C1F0A8E003111BA /* Services */,
			);
			path = Data;
			sourceTree = "<group>";
		};
		87A952552C11A93D00B0381B /* Presentation */ = {
			isa = PBXGroup;
			children = (
				87A9525A2C11A99400B0381B /* ViewModels */,
				87A952562C11A94F00B0381B /* Views */,
			);
			path = Presentation;
			sourceTree = "<group>";
		};
		87A952562C11A94F00B0381B /* Views */ = {
			isa = PBXGroup;
			children = (
				09107C112C00C67C000BE40B /* ContentView.swift */,
				091E54F02C03765C0027818A /* WelcomeView.swift */,
				091E54F82C0389C20027818A /* WeatherView.swift */,
				8712C3822C074EF700D06B0D /* CitySearchView.swift */,
				091E55002C0394E30027818A /* Components */,
			);
			path = Views;
			sourceTree = "<group>";
		};
		87A952572C11A97700B0381B /* Entities */ = {
			isa = PBXGroup;
			children = (
				87A952582C11A98800B0381B /* Weather.swift */,
				877E010B2C18816D0020C4E0 /* Location.swift */,
			);
			path = Entities;
			sourceTree = "<group>";
		};
		87A9525A2C11A99400B0381B /* ViewModels */ = {
			isa = PBXGroup;
			children = (
				87A9525B2C11A9AF00B0381B /* WeatherViewModel.swift */,
			);
			path = ViewModels;
			sourceTree = "<group>";
		};
		87B6ABF42C19C02F0085BEF0 /* ViewModels */ = {
			isa = PBXGroup;
			children = (
				87B6ABF52C19C05A0085BEF0 /* WeatherViewModelTests.swift */,
			);
			path = ViewModels;
			sourceTree = "<group>";
		};
/* End PBXGroup section */

/* Begin PBXNativeTarget section */
		09107C0B2C00C67C000BE40B /* WeatherApp */ = {
			isa = PBXNativeTarget;
			buildConfigurationList = 09107C302C00C67F000BE40B /* Build configuration list for PBXNativeTarget "WeatherApp" */;
			buildPhases = (
				09107C082C00C67C000BE40B /* Sources */,
				09107C092C00C67C000BE40B /* Frameworks */,
				09107C0A2C00C67C000BE40B /* Resources */,
			);
			buildRules = (
			);
			dependencies = (
			);
			name = WeatherApp;
			productName = WeatherApp;
			productReference = 09107C0C2C00C67C000BE40B /* WeatherApp.app */;
			productType = "com.apple.product-type.application";
		};
		09107C1B2C00C67F000BE40B /* WeatherAppTests */ = {
			isa = PBXNativeTarget;
			buildConfigurationList = 09107C332C00C67F000BE40B /* Build configuration list for PBXNativeTarget "WeatherAppTests" */;
			buildPhases = (
				09107C182C00C67F000BE40B /* Sources */,
				09107C192C00C67F000BE40B /* Frameworks */,
				09107C1A2C00C67F000BE40B /* Resources */,
			);
			buildRules = (
			);
			dependencies = (
				09107C1E2C00C67F000BE40B /* PBXTargetDependency */,
			);
			name = WeatherAppTests;
			packageProductDependencies = (
				091FEA7D2C0DE785009B194E /* SnapshotTesting */,
			);
			productName = WeatherAppTests;
			productReference = 09107C1C2C00C67F000BE40B /* WeatherAppTests.xctest */;
			productType = "com.apple.product-type.bundle.unit-test";
		};
		09107C252C00C67F000BE40B /* WeatherAppUITests */ = {
			isa = PBXNativeTarget;
			buildConfigurationList = 09107C362C00C67F000BE40B /* Build configuration list for PBXNativeTarget "WeatherAppUITests" */;
			buildPhases = (
				09107C222C00C67F000BE40B /* Sources */,
				09107C232C00C67F000BE40B /* Frameworks */,
				09107C242C00C67F000BE40B /* Resources */,
			);
			buildRules = (
			);
			dependencies = (
				09107C282C00C67F000BE40B /* PBXTargetDependency */,
			);
			name = WeatherAppUITests;
			productName = WeatherAppUITests;
			productReference = 09107C262C00C67F000BE40B /* WeatherAppUITests.xctest */;
			productType = "com.apple.product-type.bundle.ui-testing";
		};
/* End PBXNativeTarget section */

/* Begin PBXProject section */
		09107C042C00C67C000BE40B /* Project object */ = {
			isa = PBXProject;
			attributes = {
				BuildIndependentTargetsInParallel = 1;
				LastSwiftUpdateCheck = 1520;
				LastUpgradeCheck = 1520;
				TargetAttributes = {
					09107C0B2C00C67C000BE40B = {
						CreatedOnToolsVersion = 15.2;
					};
					09107C1B2C00C67F000BE40B = {
						CreatedOnToolsVersion = 15.2;
						TestTargetID = 09107C0B2C00C67C000BE40B;
					};
					09107C252C00C67F000BE40B = {
						CreatedOnToolsVersion = 15.2;
						TestTargetID = 09107C0B2C00C67C000BE40B;
					};
				};
			};
			buildConfigurationList = 09107C072C00C67C000BE40B /* Build configuration list for PBXProject "WeatherApp" */;
			compatibilityVersion = "Xcode 14.0";
			developmentRegion = en;
			hasScannedForEncodings = 0;
			knownRegions = (
				en,
				Base,
			);
			mainGroup = 09107C032C00C67C000BE40B;
			packageReferences = (
				091FEA7C2C0DE785009B194E /* XCRemoteSwiftPackageReference "swift-snapshot-testing" */,
			);
			productRefGroup = 09107C0D2C00C67C000BE40B /* Products */;
			projectDirPath = "";
			projectRoot = "";
			targets = (
				09107C0B2C00C67C000BE40B /* WeatherApp */,
				09107C1B2C00C67F000BE40B /* WeatherAppTests */,
				09107C252C00C67F000BE40B /* WeatherAppUITests */,
			);
		};
/* End PBXProject section */

/* Begin PBXResourcesBuildPhase section */
		09107C0A2C00C67C000BE40B /* Resources */ = {
			isa = PBXResourcesBuildPhase;
			buildActionMask = 2147483647;
			files = (
				09107C172C00C67E000BE40B /* Preview Assets.xcassets in Resources */,
				09107C142C00C67E000BE40B /* Assets.xcassets in Resources */,
			);
			runOnlyForDeploymentPostprocessing = 0;
		};
		09107C1A2C00C67F000BE40B /* Resources */ = {
			isa = PBXResourcesBuildPhase;
			buildActionMask = 2147483647;
			files = (
			);
			runOnlyForDeploymentPostprocessing = 0;
		};
		09107C242C00C67F000BE40B /* Resources */ = {
			isa = PBXResourcesBuildPhase;
			buildActionMask = 2147483647;
			files = (
			);
			runOnlyForDeploymentPostprocessing = 0;
		};
/* End PBXResourcesBuildPhase section */

/* Begin PBXSourcesBuildPhase section */
		09107C082C00C67C000BE40B /* Sources */ = {
			isa = PBXSourcesBuildPhase;
			buildActionMask = 2147483647;
			files = (
				878FD1832C2C2E8200B2BDA2 /* WeatherDetailsView.swift in Sources */,
				874D22EF2C1F0A79003111BA /* WeatherRepository.swift in Sources */,
				874D230F2C205BCD003111BA /* WeatherService.swift in Sources */,
				8712C3832C074EF700D06B0D /* CitySearchView.swift in Sources */,
				874D22F82C1F0BFC003111BA /* LocationUseCaseProtocol.swift in Sources */,
				091E54FF2C038EEF0027818A /* Extensions.swift in Sources */,
				877E010C2C18816D0020C4E0 /* Location.swift in Sources */,
				878FD1892C2C2FD500B2BDA2 /* WeatherIconView.swift in Sources */,
				09107C122C00C67C000BE40B /* ContentView.swift in Sources */,
				874D23072C1F21CB003111BA /* WeatherResponse.swift in Sources */,
				87F3FAAE2C2C104B0042DC6D /* CustomTextField.swift in Sources */,
				09107C102C00C67C000BE40B /* WeatherApp.swift in Sources */,
				877E010E2C18838D0020C4E0 /* LocationError.swift in Sources */,
				874D22F62C1F0BF2003111BA /* LocationUseCase.swift in Sources */,
				878FD1872C2C2F6E00B2BDA2 /* CityInfoView.swift in Sources */,
				87A952592C11A98800B0381B /* Weather.swift in Sources */,
				874D22EC2C1F0A49003111BA /* WeatherUseCaseProtocol.swift in Sources */,
				874D23112C205BDD003111BA /* LocationService.swift in Sources */,
				091E55022C0394F90027818A /* WeatherRowView.swift in Sources */,
				091E54F32C037AE40027818A /* LoadingView.swift in Sources */,
				874D23092C1F56E2003111BA /* WeatherRepositoryProtocol.swift in Sources */,
				874D230B2C1F56F9003111BA /* LocationRepositoryProtocol.swift in Sources */,
				874D22FC2C1F0C33003111BA /* LocationRepository.swift in Sources */,
				87A9525C2C11A9AF00B0381B /* WeatherViewModel.swift in Sources */,
				8712C3812C0732C000D06B0D /* WeatherAPI.swift in Sources */,
				874D23022C1F0C5F003111BA /* LocationServiceProtocol.swift in Sources */,
				874D22F42C1F0A9D003111BA /* WeatherServiceProtocol.swift in Sources */,
				874D22EA2C1F0A3B003111BA /* WeatherUseCase.swift in Sources */,
				878FD1852C2C2F4900B2BDA2 /* WeatherInfoView.swift in Sources */,
				091E54F92C0389C20027818A /* WeatherView.swift in Sources */,
				091E54F12C03765C0027818A /* WelcomeView.swift in Sources */,
			);
			runOnlyForDeploymentPostprocessing = 0;
		};
		09107C182C00C67F000BE40B /* Sources */ = {
			isa = PBXSourcesBuildPhase;
			buildActionMask = 2147483647;
			files = (
				874D23182C206ACA003111BA /* MockLocationService.swift in Sources */,
				874D23252C2078D4003111BA /* LocationServiceTests.swift in Sources */,
				8796B1BD2C19CB1D00CE660E /* MockCLLocationManager.swift in Sources */,
				091FEA812C0DE811009B194E /* WeatherAppSnapshotsTests.swift in Sources */,
				8796B1C52C19CFD600CE660E /* WeatherResponseTests.swift in Sources */,
				874D23142C206AA3003111BA /* MockWeatherService.swift in Sources */,
				8796B1C02C19CDD700CE660E /* ExtensionTests.swift in Sources */,
				8796B1C32C19CF2300CE660E /* LocationErrorTests.swift in Sources */,
				874D231E2C206B20003111BA /* MockLocationRepository.swift in Sources */,
				874D231C2C206B13003111BA /* MockWeatherRepository.swift in Sources */,
				874D23272C2081C4003111BA /* WeatherServiceTests.swift in Sources */,
				874D23222C206B41003111BA /* MockLocationUseCase.swift in Sources */,
				874D23302C2086A3003111BA /* LocationUseCaseTests.swift in Sources */,
				874D232D2C20867A003111BA /* WeatherRepositoryTests.swift in Sources */,
				874D23202C206B33003111BA /* MockWeatherUseCase.swift in Sources */,
				874D232B2C208668003111BA /* LocationRepositoryTests.swift in Sources */,
				87B6ABF62C19C05A0085BEF0 /* WeatherViewModelTests.swift in Sources */,
				874D23322C2086B0003111BA /* WeatherUseCaseTests.swift in Sources */,
			);
			runOnlyForDeploymentPostprocessing = 0;
		};
		09107C222C00C67F000BE40B /* Sources */ = {
			isa = PBXSourcesBuildPhase;
			buildActionMask = 2147483647;
			files = (
				09107C2B2C00C67F000BE40B /* WeatherAppUITests.swift in Sources */,
				09107C2D2C00C67F000BE40B /* WeatherAppUITestsLaunchTests.swift in Sources */,
			);
			runOnlyForDeploymentPostprocessing = 0;
		};
/* End PBXSourcesBuildPhase section */

/* Begin PBXTargetDependency section */
		09107C1E2C00C67F000BE40B /* PBXTargetDependency */ = {
			isa = PBXTargetDependency;
			target = 09107C0B2C00C67C000BE40B /* WeatherApp */;
			targetProxy = 09107C1D2C00C67F000BE40B /* PBXContainerItemProxy */;
		};
		09107C282C00C67F000BE40B /* PBXTargetDependency */ = {
			isa = PBXTargetDependency;
			target = 09107C0B2C00C67C000BE40B /* WeatherApp */;
			targetProxy = 09107C272C00C67F000BE40B /* PBXContainerItemProxy */;
		};
/* End PBXTargetDependency section */

/* Begin XCBuildConfiguration section */
		09107C2E2C00C67F000BE40B /* Debug */ = {
			isa = XCBuildConfiguration;
			buildSettings = {
				ALWAYS_SEARCH_USER_PATHS = NO;
				ASSETCATALOG_COMPILER_GENERATE_SWIFT_ASSET_SYMBOL_EXTENSIONS = YES;
				CLANG_ANALYZER_NONNULL = YES;
				CLANG_ANALYZER_NUMBER_OBJECT_CONVERSION = YES_AGGRESSIVE;
				CLANG_CXX_LANGUAGE_STANDARD = "gnu++20";
				CLANG_ENABLE_MODULES = YES;
				CLANG_ENABLE_OBJC_ARC = YES;
				CLANG_ENABLE_OBJC_WEAK = YES;
				CLANG_WARN_BLOCK_CAPTURE_AUTORELEASING = YES;
				CLANG_WARN_BOOL_CONVERSION = YES;
				CLANG_WARN_COMMA = YES;
				CLANG_WARN_CONSTANT_CONVERSION = YES;
				CLANG_WARN_DEPRECATED_OBJC_IMPLEMENTATIONS = YES;
				CLANG_WARN_DIRECT_OBJC_ISA_USAGE = YES_ERROR;
				CLANG_WARN_DOCUMENTATION_COMMENTS = YES;
				CLANG_WARN_EMPTY_BODY = YES;
				CLANG_WARN_ENUM_CONVERSION = YES;
				CLANG_WARN_INFINITE_RECURSION = YES;
				CLANG_WARN_INT_CONVERSION = YES;
				CLANG_WARN_NON_LITERAL_NULL_CONVERSION = YES;
				CLANG_WARN_OBJC_IMPLICIT_RETAIN_SELF = YES;
				CLANG_WARN_OBJC_LITERAL_CONVERSION = YES;
				CLANG_WARN_OBJC_ROOT_CLASS = YES_ERROR;
				CLANG_WARN_QUOTED_INCLUDE_IN_FRAMEWORK_HEADER = YES;
				CLANG_WARN_RANGE_LOOP_ANALYSIS = YES;
				CLANG_WARN_STRICT_PROTOTYPES = YES;
				CLANG_WARN_SUSPICIOUS_MOVE = YES;
				CLANG_WARN_UNGUARDED_AVAILABILITY = YES_AGGRESSIVE;
				CLANG_WARN_UNREACHABLE_CODE = YES;
				CLANG_WARN__DUPLICATE_METHOD_MATCH = YES;
				COPY_PHASE_STRIP = NO;
				DEBUG_INFORMATION_FORMAT = dwarf;
				ENABLE_STRICT_OBJC_MSGSEND = YES;
				ENABLE_TESTABILITY = YES;
				ENABLE_USER_SCRIPT_SANDBOXING = YES;
				GCC_C_LANGUAGE_STANDARD = gnu17;
				GCC_DYNAMIC_NO_PIC = NO;
				GCC_NO_COMMON_BLOCKS = YES;
				GCC_OPTIMIZATION_LEVEL = 0;
				GCC_PREPROCESSOR_DEFINITIONS = (
					"DEBUG=1",
					"$(inherited)",
				);
				GCC_WARN_64_TO_32_BIT_CONVERSION = YES;
				GCC_WARN_ABOUT_RETURN_TYPE = YES_ERROR;
				GCC_WARN_UNDECLARED_SELECTOR = YES;
				GCC_WARN_UNINITIALIZED_AUTOS = YES_AGGRESSIVE;
				GCC_WARN_UNUSED_FUNCTION = YES;
				GCC_WARN_UNUSED_VARIABLE = YES;
				IPHONEOS_DEPLOYMENT_TARGET = 16.0;
				LOCALIZATION_PREFERS_STRING_CATALOGS = YES;
				MTL_ENABLE_DEBUG_INFO = INCLUDE_SOURCE;
				MTL_FAST_MATH = YES;
				ONLY_ACTIVE_ARCH = YES;
				SDKROOT = iphoneos;
				SWIFT_ACTIVE_COMPILATION_CONDITIONS = "DEBUG $(inherited)";
				SWIFT_OPTIMIZATION_LEVEL = "-Onone";
			};
			name = Debug;
		};
		09107C2F2C00C67F000BE40B /* Release */ = {
			isa = XCBuildConfiguration;
			buildSettings = {
				ALWAYS_SEARCH_USER_PATHS = NO;
				ASSETCATALOG_COMPILER_GENERATE_SWIFT_ASSET_SYMBOL_EXTENSIONS = YES;
				CLANG_ANALYZER_NONNULL = YES;
				CLANG_ANALYZER_NUMBER_OBJECT_CONVERSION = YES_AGGRESSIVE;
				CLANG_CXX_LANGUAGE_STANDARD = "gnu++20";
				CLANG_ENABLE_MODULES = YES;
				CLANG_ENABLE_OBJC_ARC = YES;
				CLANG_ENABLE_OBJC_WEAK = YES;
				CLANG_WARN_BLOCK_CAPTURE_AUTORELEASING = YES;
				CLANG_WARN_BOOL_CONVERSION = YES;
				CLANG_WARN_COMMA = YES;
				CLANG_WARN_CONSTANT_CONVERSION = YES;
				CLANG_WARN_DEPRECATED_OBJC_IMPLEMENTATIONS = YES;
				CLANG_WARN_DIRECT_OBJC_ISA_USAGE = YES_ERROR;
				CLANG_WARN_DOCUMENTATION_COMMENTS = YES;
				CLANG_WARN_EMPTY_BODY = YES;
				CLANG_WARN_ENUM_CONVERSION = YES;
				CLANG_WARN_INFINITE_RECURSION = YES;
				CLANG_WARN_INT_CONVERSION = YES;
				CLANG_WARN_NON_LITERAL_NULL_CONVERSION = YES;
				CLANG_WARN_OBJC_IMPLICIT_RETAIN_SELF = YES;
				CLANG_WARN_OBJC_LITERAL_CONVERSION = YES;
				CLANG_WARN_OBJC_ROOT_CLASS = YES_ERROR;
				CLANG_WARN_QUOTED_INCLUDE_IN_FRAMEWORK_HEADER = YES;
				CLANG_WARN_RANGE_LOOP_ANALYSIS = YES;
				CLANG_WARN_STRICT_PROTOTYPES = YES;
				CLANG_WARN_SUSPICIOUS_MOVE = YES;
				CLANG_WARN_UNGUARDED_AVAILABILITY = YES_AGGRESSIVE;
				CLANG_WARN_UNREACHABLE_CODE = YES;
				CLANG_WARN__DUPLICATE_METHOD_MATCH = YES;
				COPY_PHASE_STRIP = NO;
				DEBUG_INFORMATION_FORMAT = "dwarf-with-dsym";
				ENABLE_NS_ASSERTIONS = NO;
				ENABLE_STRICT_OBJC_MSGSEND = YES;
				ENABLE_USER_SCRIPT_SANDBOXING = YES;
				GCC_C_LANGUAGE_STANDARD = gnu17;
				GCC_NO_COMMON_BLOCKS = YES;
				GCC_WARN_64_TO_32_BIT_CONVERSION = YES;
				GCC_WARN_ABOUT_RETURN_TYPE = YES_ERROR;
				GCC_WARN_UNDECLARED_SELECTOR = YES;
				GCC_WARN_UNINITIALIZED_AUTOS = YES_AGGRESSIVE;
				GCC_WARN_UNUSED_FUNCTION = YES;
				GCC_WARN_UNUSED_VARIABLE = YES;
				IPHONEOS_DEPLOYMENT_TARGET = 16.0;
				LOCALIZATION_PREFERS_STRING_CATALOGS = YES;
				MTL_ENABLE_DEBUG_INFO = NO;
				MTL_FAST_MATH = YES;
				SDKROOT = iphoneos;
				SWIFT_COMPILATION_MODE = wholemodule;
				VALIDATE_PRODUCT = YES;
			};
			name = Release;
		};
		09107C312C00C67F000BE40B /* Debug */ = {
			isa = XCBuildConfiguration;
			buildSettings = {
				ASSETCATALOG_COMPILER_APPICON_NAME = AppIcon;
				ASSETCATALOG_COMPILER_GLOBAL_ACCENT_COLOR_NAME = AccentColor;
				CODE_SIGN_STYLE = Automatic;
				CURRENT_PROJECT_VERSION = 1;
				DEVELOPMENT_ASSET_PATHS = "\"WeatherApp/Preview Content\"";
				DEVELOPMENT_TEAM = 76BAQ4653F;
				ENABLE_PREVIEWS = YES;
				GENERATE_INFOPLIST_FILE = YES;
				INFOPLIST_KEY_UIApplicationSceneManifest_Generation = YES;
				INFOPLIST_KEY_UIApplicationSupportsIndirectInputEvents = YES;
				INFOPLIST_KEY_UILaunchScreen_Generation = YES;
				INFOPLIST_KEY_UISupportedInterfaceOrientations_iPad = "UIInterfaceOrientationPortrait UIInterfaceOrientationPortraitUpsideDown UIInterfaceOrientationLandscapeLeft UIInterfaceOrientationLandscapeRight";
				INFOPLIST_KEY_UISupportedInterfaceOrientations_iPhone = "UIInterfaceOrientationPortrait UIInterfaceOrientationLandscapeLeft UIInterfaceOrientationLandscapeRight";
				IPHONEOS_DEPLOYMENT_TARGET = 16.0;
				LD_RUNPATH_SEARCH_PATHS = (
					"$(inherited)",
					"@executable_path/Frameworks",
				);
				MARKETING_VERSION = 1.0;
				PRODUCT_BUNDLE_IDENTIFIER = com.pawan.WeatherApp1;
				PRODUCT_NAME = "$(TARGET_NAME)";
				SWIFT_EMIT_LOC_STRINGS = YES;
				SWIFT_VERSION = 5.0;
				TARGETED_DEVICE_FAMILY = "1,2";
			};
			name = Debug;
		};
		09107C322C00C67F000BE40B /* Release */ = {
			isa = XCBuildConfiguration;
			buildSettings = {
				ASSETCATALOG_COMPILER_APPICON_NAME = AppIcon;
				ASSETCATALOG_COMPILER_GLOBAL_ACCENT_COLOR_NAME = AccentColor;
				CODE_SIGN_STYLE = Automatic;
				CURRENT_PROJECT_VERSION = 1;
				DEVELOPMENT_ASSET_PATHS = "\"WeatherApp/Preview Content\"";
				DEVELOPMENT_TEAM = 76BAQ4653F;
				ENABLE_PREVIEWS = YES;
				GENERATE_INFOPLIST_FILE = YES;
				INFOPLIST_KEY_UIApplicationSceneManifest_Generation = YES;
				INFOPLIST_KEY_UIApplicationSupportsIndirectInputEvents = YES;
				INFOPLIST_KEY_UILaunchScreen_Generation = YES;
				INFOPLIST_KEY_UISupportedInterfaceOrientations_iPad = "UIInterfaceOrientationPortrait UIInterfaceOrientationPortraitUpsideDown UIInterfaceOrientationLandscapeLeft UIInterfaceOrientationLandscapeRight";
				INFOPLIST_KEY_UISupportedInterfaceOrientations_iPhone = "UIInterfaceOrientationPortrait UIInterfaceOrientationLandscapeLeft UIInterfaceOrientationLandscapeRight";
				IPHONEOS_DEPLOYMENT_TARGET = 16.0;
				LD_RUNPATH_SEARCH_PATHS = (
					"$(inherited)",
					"@executable_path/Frameworks",
				);
				MARKETING_VERSION = 1.0;
				PRODUCT_BUNDLE_IDENTIFIER = com.pawan.WeatherApp1;
				PRODUCT_NAME = "$(TARGET_NAME)";
				SWIFT_EMIT_LOC_STRINGS = YES;
				SWIFT_VERSION = 5.0;
				TARGETED_DEVICE_FAMILY = "1,2";
			};
			name = Release;
		};
		09107C342C00C67F000BE40B /* Debug */ = {
			isa = XCBuildConfiguration;
			buildSettings = {
				ALWAYS_EMBED_SWIFT_STANDARD_LIBRARIES = YES;
				BUNDLE_LOADER = "$(TEST_HOST)";
				CODE_SIGN_STYLE = Automatic;
				CURRENT_PROJECT_VERSION = 1;
				DEVELOPMENT_TEAM = 76BAQ4653F;
				GENERATE_INFOPLIST_FILE = YES;
				IPHONEOS_DEPLOYMENT_TARGET = 16.0;
				MARKETING_VERSION = 1.0;
				PRODUCT_BUNDLE_IDENTIFIER = com.pawan.WeatherAppTests;
				PRODUCT_NAME = "$(TARGET_NAME)";
				SWIFT_EMIT_LOC_STRINGS = NO;
				SWIFT_VERSION = 5.0;
				TARGETED_DEVICE_FAMILY = "1,2";
				TEST_HOST = "$(BUILT_PRODUCTS_DIR)/WeatherApp.app/$(BUNDLE_EXECUTABLE_FOLDER_PATH)/WeatherApp";
			};
			name = Debug;
		};
		09107C352C00C67F000BE40B /* Release */ = {
			isa = XCBuildConfiguration;
			buildSettings = {
				ALWAYS_EMBED_SWIFT_STANDARD_LIBRARIES = YES;
				BUNDLE_LOADER = "$(TEST_HOST)";
				CODE_SIGN_STYLE = Automatic;
				CURRENT_PROJECT_VERSION = 1;
				DEVELOPMENT_TEAM = 76BAQ4653F;
				GENERATE_INFOPLIST_FILE = YES;
				IPHONEOS_DEPLOYMENT_TARGET = 16.0;
				MARKETING_VERSION = 1.0;
				PRODUCT_BUNDLE_IDENTIFIER = com.pawan.WeatherAppTests;
				PRODUCT_NAME = "$(TARGET_NAME)";
				SWIFT_EMIT_LOC_STRINGS = NO;
				SWIFT_VERSION = 5.0;
				TARGETED_DEVICE_FAMILY = "1,2";
				TEST_HOST = "$(BUILT_PRODUCTS_DIR)/WeatherApp.app/$(BUNDLE_EXECUTABLE_FOLDER_PATH)/WeatherApp";
			};
			name = Release;
		};
		09107C372C00C67F000BE40B /* Debug */ = {
			isa = XCBuildConfiguration;
			buildSettings = {
				ALWAYS_EMBED_SWIFT_STANDARD_LIBRARIES = YES;
				CODE_SIGN_STYLE = Automatic;
				CURRENT_PROJECT_VERSION = 1;
				DEVELOPMENT_TEAM = 76BAQ4653F;
				GENERATE_INFOPLIST_FILE = YES;
				IPHONEOS_DEPLOYMENT_TARGET = 16.0;
				MARKETING_VERSION = 1.0;
				PRODUCT_BUNDLE_IDENTIFIER = com.pawan.WeatherAppUITests;
				PRODUCT_NAME = "$(TARGET_NAME)";
				SWIFT_EMIT_LOC_STRINGS = NO;
				SWIFT_VERSION = 5.0;
				TARGETED_DEVICE_FAMILY = "1,2";
				TEST_TARGET_NAME = WeatherApp;
			};
			name = Debug;
		};
		09107C382C00C67F000BE40B /* Release */ = {
			isa = XCBuildConfiguration;
			buildSettings = {
				ALWAYS_EMBED_SWIFT_STANDARD_LIBRARIES = YES;
				CODE_SIGN_STYLE = Automatic;
				CURRENT_PROJECT_VERSION = 1;
				DEVELOPMENT_TEAM = 76BAQ4653F;
				GENERATE_INFOPLIST_FILE = YES;
				IPHONEOS_DEPLOYMENT_TARGET = 16.0;
				MARKETING_VERSION = 1.0;
				PRODUCT_BUNDLE_IDENTIFIER = com.pawan.WeatherAppUITests;
				PRODUCT_NAME = "$(TARGET_NAME)";
				SWIFT_EMIT_LOC_STRINGS = NO;
				SWIFT_VERSION = 5.0;
				TARGETED_DEVICE_FAMILY = "1,2";
				TEST_TARGET_NAME = WeatherApp;
			};
			name = Release;
		};
/* End XCBuildConfiguration section */

/* Begin XCConfigurationList section */
		09107C072C00C67C000BE40B /* Build configuration list for PBXProject "WeatherApp" */ = {
			isa = XCConfigurationList;
			buildConfigurations = (
				09107C2E2C00C67F000BE40B /* Debug */,
				09107C2F2C00C67F000BE40B /* Release */,
			);
			defaultConfigurationIsVisible = 0;
			defaultConfigurationName = Release;
		};
		09107C302C00C67F000BE40B /* Build configuration list for PBXNativeTarget "WeatherApp" */ = {
			isa = XCConfigurationList;
			buildConfigurations = (
				09107C312C00C67F000BE40B /* Debug */,
				09107C322C00C67F000BE40B /* Release */,
			);
			defaultConfigurationIsVisible = 0;
			defaultConfigurationName = Release;
		};
		09107C332C00C67F000BE40B /* Build configuration list for PBXNativeTarget "WeatherAppTests" */ = {
			isa = XCConfigurationList;
			buildConfigurations = (
				09107C342C00C67F000BE40B /* Debug */,
				09107C352C00C67F000BE40B /* Release */,
			);
			defaultConfigurationIsVisible = 0;
			defaultConfigurationName = Release;
		};
		09107C362C00C67F000BE40B /* Build configuration list for PBXNativeTarget "WeatherAppUITests" */ = {
			isa = XCConfigurationList;
			buildConfigurations = (
				09107C372C00C67F000BE40B /* Debug */,
				09107C382C00C67F000BE40B /* Release */,
			);
			defaultConfigurationIsVisible = 0;
			defaultConfigurationName = Release;
		};
/* End XCConfigurationList section */

/* Begin XCRemoteSwiftPackageReference section */
		091FEA7C2C0DE785009B194E /* XCRemoteSwiftPackageReference "swift-snapshot-testing" */ = {
			isa = XCRemoteSwiftPackageReference;
			repositoryURL = "https://github.com/pointfreeco/swift-snapshot-testing";
			requirement = {
				kind = upToNextMajorVersion;
				minimumVersion = 1.16.0;
			};
		};
/* End XCRemoteSwiftPackageReference section */

/* Begin XCSwiftPackageProductDependency section */
		091FEA7D2C0DE785009B194E /* SnapshotTesting */ = {
			isa = XCSwiftPackageProductDependency;
			package = 091FEA7C2C0DE785009B194E /* XCRemoteSwiftPackageReference "swift-snapshot-testing" */;
			productName = SnapshotTesting;
		};
/* End XCSwiftPackageProductDependency section */
	};
	rootObject = 09107C042C00C67C000BE40B /* Project object */;
}
