// !$*UTF8*$!
{
	archiveVersion = 1;
	classes = {
	};
	objectVersion = 56;
	objects = {

/* Begin PBXBuildFile section */
		09107C102C00C67C000BE40B /* WeatherApp.swift in Sources */ = {isa = PBXBuildFile; fileRef = 09107C0F2C00C67C000BE40B /* WeatherApp.swift */; };
		09107C122C00C67C000BE40B /* ContentView.swift in Sources */ = {isa = PBXBuildFile; fileRef = 09107C112C00C67C000BE40B /* ContentView.swift */; };
		09107C142C00C67E000BE40B /* Assets.xcassets in Resources */ = {isa = PBXBuildFile; fileRef = 09107C132C00C67E000BE40B /* Assets.xcassets */; };
		09107C172C00C67E000BE40B /* Preview Assets.xcassets in Resources */ = {isa = PBXBuildFile; fileRef = 09107C162C00C67E000BE40B /* Preview Assets.xcassets */; };
		09107C212C00C67F000BE40B /* WeatherAppTests.swift in Sources */ = {isa = PBXBuildFile; fileRef = 09107C202C00C67F000BE40B /* WeatherAppTests.swift */; };
		09107C2B2C00C67F000BE40B /* WeatherAppUITests.swift in Sources */ = {isa = PBXBuildFile; fileRef = 09107C2A2C00C67F000BE40B /* WeatherAppUITests.swift */; };
		09107C2D2C00C67F000BE40B /* WeatherAppUITestsLaunchTests.swift in Sources */ = {isa = PBXBuildFile; fileRef = 09107C2C2C00C67F000BE40B /* WeatherAppUITestsLaunchTests.swift */; };
		091E54EE2C0374AB0027818A /* LocationManager.swift in Sources */ = {isa = PBXBuildFile; fileRef = 091E54ED2C0374AB0027818A /* LocationManager.swift */; };
		091E54F12C03765C0027818A /* WelcomeView.swift in Sources */ = {isa = PBXBuildFile; fileRef = 091E54F02C03765C0027818A /* WelcomeView.swift */; };
		091E54F32C037AE40027818A /* LoadingView.swift in Sources */ = {isa = PBXBuildFile; fileRef = 091E54F22C037AE40027818A /* LoadingView.swift */; };
		091E54F72C03847B0027818A /* WeatherManager.swift in Sources */ = {isa = PBXBuildFile; fileRef = 091E54F62C03847B0027818A /* WeatherManager.swift */; };
		091E54F92C0389C20027818A /* WeatherView.swift in Sources */ = {isa = PBXBuildFile; fileRef = 091E54F82C0389C20027818A /* WeatherView.swift */; };
		091E54FB2C038DE20027818A /* ModelData.swift in Sources */ = {isa = PBXBuildFile; fileRef = 091E54FA2C038DE20027818A /* ModelData.swift */; };
		091E54FD2C038E220027818A /* weatherData.json in Resources */ = {isa = PBXBuildFile; fileRef = 091E54FC2C038E220027818A /* weatherData.json */; };
		091E54FF2C038EEF0027818A /* Extensions.swift in Sources */ = {isa = PBXBuildFile; fileRef = 091E54FE2C038EEF0027818A /* Extensions.swift */; };
		091E55022C0394F90027818A /* WeatherRow.swift in Sources */ = {isa = PBXBuildFile; fileRef = 091E55012C0394F90027818A /* WeatherRow.swift */; };
		8712C37F2C072CF400D06B0D /* WeatherService.swift in Sources */ = {isa = PBXBuildFile; fileRef = 8712C37E2C072CF400D06B0D /* WeatherService.swift */; };
		8712C3812C0732C000D06B0D /* WeatherAPI.swift in Sources */ = {isa = PBXBuildFile; fileRef = 8712C3802C0732C000D06B0D /* WeatherAPI.swift */; };
		8712C3832C074EF700D06B0D /* CitySearchView.swift in Sources */ = {isa = PBXBuildFile; fileRef = 8712C3822C074EF700D06B0D /* CitySearchView.swift */; };
		87C416E72C04A28500EDD7EA /* AppModels.swift in Sources */ = {isa = PBXBuildFile; fileRef = 87C416E62C04A28500EDD7EA /* AppModels.swift */; };
/* End PBXBuildFile section */

/* Begin PBXContainerItemProxy section */
		09107C1D2C00C67F000BE40B /* PBXContainerItemProxy */ = {
			isa = PBXContainerItemProxy;
			containerPortal = 09107C042C00C67C000BE40B /* Project object */;
			proxyType = 1;
			remoteGlobalIDString = 09107C0B2C00C67C000BE40B;
			remoteInfo = WeatherApp;
		};
		09107C272C00C67F000BE40B /* PBXContainerItemProxy */ = {
			isa = PBXContainerItemProxy;
			containerPortal = 09107C042C00C67C000BE40B /* Project object */;
			proxyType = 1;
			remoteGlobalIDString = 09107C0B2C00C67C000BE40B;
			remoteInfo = WeatherApp;
		};
/* End PBXContainerItemProxy section */

/* Begin PBXFileReference section */
		09107C0C2C00C67C000BE40B /* WeatherApp.app */ = {isa = PBXFileReference; explicitFileType = wrapper.application; includeInIndex = 0; path = WeatherApp.app; sourceTree = BUILT_PRODUCTS_DIR; };
		09107C0F2C00C67C000BE40B /* WeatherApp.swift */ = {isa = PBXFileReference; lastKnownFileType = sourcecode.swift; path = WeatherApp.swift; sourceTree = "<group>"; };
		09107C112C00C67C000BE40B /* ContentView.swift */ = {isa = PBXFileReference; lastKnownFileType = sourcecode.swift; path = ContentView.swift; sourceTree = "<group>"; };
		09107C132C00C67E000BE40B /* Assets.xcassets */ = {isa = PBXFileReference; lastKnownFileType = folder.assetcatalog; path = Assets.xcassets; sourceTree = "<group>"; };
		09107C162C00C67E000BE40B /* Preview Assets.xcassets */ = {isa = PBXFileReference; lastKnownFileType = folder.assetcatalog; path = "Preview Assets.xcassets"; sourceTree = "<group>"; };
		09107C1C2C00C67F000BE40B /* WeatherAppTests.xctest */ = {isa = PBXFileReference; explicitFileType = wrapper.cfbundle; includeInIndex = 0; path = WeatherAppTests.xctest; sourceTree = BUILT_PRODUCTS_DIR; };
		09107C202C00C67F000BE40B /* WeatherAppTests.swift */ = {isa = PBXFileReference; lastKnownFileType = sourcecode.swift; path = WeatherAppTests.swift; sourceTree = "<group>"; };
		09107C262C00C67F000BE40B /* WeatherAppUITests.xctest */ = {isa = PBXFileReference; explicitFileType = wrapper.cfbundle; includeInIndex = 0; path = WeatherAppUITests.xctest; sourceTree = BUILT_PRODUCTS_DIR; };
		09107C2A2C00C67F000BE40B /* WeatherAppUITests.swift */ = {isa = PBXFileReference; lastKnownFileType = sourcecode.swift; path = WeatherAppUITests.swift; sourceTree = "<group>"; };
		09107C2C2C00C67F000BE40B /* WeatherAppUITestsLaunchTests.swift */ = {isa = PBXFileReference; lastKnownFileType = sourcecode.swift; path = WeatherAppUITestsLaunchTests.swift; sourceTree = "<group>"; };
		091E54ED2C0374AB0027818A /* LocationManager.swift */ = {isa = PBXFileReference; lastKnownFileType = sourcecode.swift; path = LocationManager.swift; sourceTree = "<group>"; };
		091E54F02C03765C0027818A /* WelcomeView.swift */ = {isa = PBXFileReference; lastKnownFileType = sourcecode.swift; path = WelcomeView.swift; sourceTree = "<group>"; };
		091E54F22C037AE40027818A /* LoadingView.swift */ = {isa = PBXFileReference; lastKnownFileType = sourcecode.swift; path = LoadingView.swift; sourceTree = "<group>"; };
		091E54F62C03847B0027818A /* WeatherManager.swift */ = {isa = PBXFileReference; lastKnownFileType = sourcecode.swift; path = WeatherManager.swift; sourceTree = "<group>"; };
		091E54F82C0389C20027818A /* WeatherView.swift */ = {isa = PBXFileReference; lastKnownFileType = sourcecode.swift; path = WeatherView.swift; sourceTree = "<group>"; };
		091E54FA2C038DE20027818A /* ModelData.swift */ = {isa = PBXFileReference; lastKnownFileType = sourcecode.swift; path = ModelData.swift; sourceTree = "<group>"; };
		091E54FC2C038E220027818A /* weatherData.json */ = {isa = PBXFileReference; lastKnownFileType = text.json; path = weatherData.json; sourceTree = "<group>"; };
		091E54FE2C038EEF0027818A /* Extensions.swift */ = {isa = PBXFileReference; lastKnownFileType = sourcecode.swift; path = Extensions.swift; sourceTree = "<group>"; };
		091E55012C0394F90027818A /* WeatherRow.swift */ = {isa = PBXFileReference; lastKnownFileType = sourcecode.swift; path = WeatherRow.swift; sourceTree = "<group>"; };
		8712C37E2C072CF400D06B0D /* WeatherService.swift */ = {isa = PBXFileReference; lastKnownFileType = sourcecode.swift; path = WeatherService.swift; sourceTree = "<group>"; };
		8712C3802C0732C000D06B0D /* WeatherAPI.swift */ = {isa = PBXFileReference; lastKnownFileType = sourcecode.swift; path = WeatherAPI.swift; sourceTree = "<group>"; };
		8712C3822C074EF700D06B0D /* CitySearchView.swift */ = {isa = PBXFileReference; lastKnownFileType = sourcecode.swift; path = CitySearchView.swift; sourceTree = "<group>"; };
		87C416E62C04A28500EDD7EA /* AppModels.swift */ = {isa = PBXFileReference; lastKnownFileType = sourcecode.swift; path = AppModels.swift; sourceTree = "<group>"; };
/* End PBXFileReference section */

/* Begin PBXFrameworksBuildPhase section */
		09107C092C00C67C000BE40B /* Frameworks */ = {
			isa = PBXFrameworksBuildPhase;
			buildActionMask = 2147483647;
			files = (
			);
			runOnlyForDeploymentPostprocessing = 0;
		};
		09107C192C00C67F000BE40B /* Frameworks */ = {
			isa = PBXFrameworksBuildPhase;
			buildActionMask = 2147483647;
			files = (
			);
			runOnlyForDeploymentPostprocessing = 0;
		};
		09107C232C00C67F000BE40B /* Frameworks */ = {
			isa = PBXFrameworksBuildPhase;
			buildActionMask = 2147483647;
			files = (
			);
			runOnlyForDeploymentPostprocessing = 0;
		};
/* End PBXFrameworksBuildPhase section */

/* Begin PBXGroup section */
		09107C032C00C67C000BE40B = {
			isa = PBXGroup;
			children = (
				09107C0E2C00C67C000BE40B /* WeatherApp */,
				09107C1F2C00C67F000BE40B /* WeatherAppTests */,
				09107C292C00C67F000BE40B /* WeatherAppUITests */,
				09107C0D2C00C67C000BE40B /* Products */,
			);
			sourceTree = "<group>";
		};
		09107C0D2C00C67C000BE40B /* Products */ = {
			isa = PBXGroup;
			children = (
				09107C0C2C00C67C000BE40B /* WeatherApp.app */,
				09107C1C2C00C67F000BE40B /* WeatherAppTests.xctest */,
				09107C262C00C67F000BE40B /* WeatherAppUITests.xctest */,
			);
			name = Products;
			sourceTree = "<group>";
		};
		09107C0E2C00C67C000BE40B /* WeatherApp */ = {
			isa = PBXGroup;
			children = (
				8712C37D2C072CD200D06B0D /* Networking */,
				87C416E42C04A26E00EDD7EA /* Models */,
				091E55002C0394E30027818A /* Components */,
				091E54EF2C0376180027818A /* Views */,
				091E54EC2C03748F0027818A /* Managers */,
				09107C0F2C00C67C000BE40B /* WeatherApp.swift */,
				09107C132C00C67E000BE40B /* Assets.xcassets */,
				09107C152C00C67E000BE40B /* Preview Content */,
				87C416E12C04A1E000EDD7EA /* Helpers */,
			);
			path = WeatherApp;
			sourceTree = "<group>";
		};
		09107C152C00C67E000BE40B /* Preview Content */ = {
			isa = PBXGroup;
			children = (
				09107C162C00C67E000BE40B /* Preview Assets.xcassets */,
				091E54FA2C038DE20027818A /* ModelData.swift */,
				091E54FC2C038E220027818A /* weatherData.json */,
			);
			path = "Preview Content";
			sourceTree = "<group>";
		};
		09107C1F2C00C67F000BE40B /* WeatherAppTests */ = {
			isa = PBXGroup;
			children = (
				09107C202C00C67F000BE40B /* WeatherAppTests.swift */,
			);
			path = WeatherAppTests;
			sourceTree = "<group>";
		};
		09107C292C00C67F000BE40B /* WeatherAppUITests */ = {
			isa = PBXGroup;
			children = (
				09107C2A2C00C67F000BE40B /* WeatherAppUITests.swift */,
				09107C2C2C00C67F000BE40B /* WeatherAppUITestsLaunchTests.swift */,
			);
			path = WeatherAppUITests;
			sourceTree = "<group>";
		};
		091E54EC2C03748F0027818A /* Managers */ = {
			isa = PBXGroup;
			children = (
				091E54ED2C0374AB0027818A /* LocationManager.swift */,
				091E54F62C03847B0027818A /* WeatherManager.swift */,
			);
			path = Managers;
			sourceTree = "<group>";
		};
		091E54EF2C0376180027818A /* Views */ = {
			isa = PBXGroup;
			children = (
				09107C112C00C67C000BE40B /* ContentView.swift */,
				091E54F02C03765C0027818A /* WelcomeView.swift */,
				091E54F82C0389C20027818A /* WeatherView.swift */,
				8712C3822C074EF700D06B0D /* CitySearchView.swift */,
			);
			path = Views;
			sourceTree = "<group>";
		};
		091E55002C0394E30027818A /* Components */ = {
			isa = PBXGroup;
			children = (
				091E55012C0394F90027818A /* WeatherRow.swift */,
				091E54F22C037AE40027818A /* LoadingView.swift */,
			);
			path = Components;
			sourceTree = "<group>";
		};
		8712C37D2C072CD200D06B0D /* Networking */ = {
			isa = PBXGroup;
			children = (
				8712C3802C0732C000D06B0D /* WeatherAPI.swift */,
				8712C37E2C072CF400D06B0D /* WeatherService.swift */,
			);
			path = Networking;
			sourceTree = "<group>";
		};
		87C416E12C04A1E000EDD7EA /* Helpers */ = {
			isa = PBXGroup;
			children = (
				091E54FE2C038EEF0027818A /* Extensions.swift */,
			);
			path = Helpers;
			sourceTree = "<group>";
		};
		87C416E42C04A26E00EDD7EA /* Models */ = {
			isa = PBXGroup;
			children = (
				87C416E62C04A28500EDD7EA /* AppModels.swift */,
			);
			path = Models;
			sourceTree = "<group>";
		};
/* End PBXGroup section */

/* Begin PBXNativeTarget section */
		09107C0B2C00C67C000BE40B /* WeatherApp */ = {
			isa = PBXNativeTarget;
			buildConfigurationList = 09107C302C00C67F000BE40B /* Build configuration list for PBXNativeTarget "WeatherApp" */;
			buildPhases = (
				09107C082C00C67C000BE40B /* Sources */,
				09107C092C00C67C000BE40B /* Frameworks */,
				09107C0A2C00C67C000BE40B /* Resources */,
			);
			buildRules = (
			);
			dependencies = (
			);
			name = WeatherApp;
			productName = WeatherApp;
			productReference = 09107C0C2C00C67C000BE40B /* WeatherApp.app */;
			productType = "com.apple.product-type.application";
		};
		09107C1B2C00C67F000BE40B /* WeatherAppTests */ = {
			isa = PBXNativeTarget;
			buildConfigurationList = 09107C332C00C67F000BE40B /* Build configuration list for PBXNativeTarget "WeatherAppTests" */;
			buildPhases = (
				09107C182C00C67F000BE40B /* Sources */,
				09107C192C00C67F000BE40B /* Frameworks */,
				09107C1A2C00C67F000BE40B /* Resources */,
			);
			buildRules = (
			);
			dependencies = (
				09107C1E2C00C67F000BE40B /* PBXTargetDependency */,
			);
			name = WeatherAppTests;
			productName = WeatherAppTests;
			productReference = 09107C1C2C00C67F000BE40B /* WeatherAppTests.xctest */;
			productType = "com.apple.product-type.bundle.unit-test";
		};
		09107C252C00C67F000BE40B /* WeatherAppUITests */ = {
			isa = PBXNativeTarget;
			buildConfigurationList = 09107C362C00C67F000BE40B /* Build configuration list for PBXNativeTarget "WeatherAppUITests" */;
			buildPhases = (
				09107C222C00C67F000BE40B /* Sources */,
				09107C232C00C67F000BE40B /* Frameworks */,
				09107C242C00C67F000BE40B /* Resources */,
			);
			buildRules = (
			);
			dependencies = (
				09107C282C00C67F000BE40B /* PBXTargetDependency */,
			);
			name = WeatherAppUITests;
			productName = WeatherAppUITests;
			productReference = 09107C262C00C67F000BE40B /* WeatherAppUITests.xctest */;
			productType = "com.apple.product-type.bundle.ui-testing";
		};
/* End PBXNativeTarget section */

/* Begin PBXProject section */
		09107C042C00C67C000BE40B /* Project object */ = {
			isa = PBXProject;
			attributes = {
				BuildIndependentTargetsInParallel = 1;
				LastSwiftUpdateCheck = 1520;
				LastUpgradeCheck = 1520;
				TargetAttributes = {
					09107C0B2C00C67C000BE40B = {
						CreatedOnToolsVersion = 15.2;
					};
					09107C1B2C00C67F000BE40B = {
						CreatedOnToolsVersion = 15.2;
						TestTargetID = 09107C0B2C00C67C000BE40B;
					};
					09107C252C00C67F000BE40B = {
						CreatedOnToolsVersion = 15.2;
						TestTargetID = 09107C0B2C00C67C000BE40B;
					};
				};
			};
			buildConfigurationList = 09107C072C00C67C000BE40B /* Build configuration list for PBXProject "WeatherApp" */;
			compatibilityVersion = "Xcode 14.0";
			developmentRegion = en;
			hasScannedForEncodings = 0;
			knownRegions = (
				en,
				Base,
			);
			mainGroup = 09107C032C00C67C000BE40B;
			productRefGroup = 09107C0D2C00C67C000BE40B /* Products */;
			projectDirPath = "";
			projectRoot = "";
			targets = (
				09107C0B2C00C67C000BE40B /* WeatherApp */,
				09107C1B2C00C67F000BE40B /* WeatherAppTests */,
				09107C252C00C67F000BE40B /* WeatherAppUITests */,
			);
		};
/* End PBXProject section */

/* Begin PBXResourcesBuildPhase section */
		09107C0A2C00C67C000BE40B /* Resources */ = {
			isa = PBXResourcesBuildPhase;
			buildActionMask = 2147483647;
			files = (
				09107C172C00C67E000BE40B /* Preview Assets.xcassets in Resources */,
				091E54FD2C038E220027818A /* weatherData.json in Resources */,
				09107C142C00C67E000BE40B /* Assets.xcassets in Resources */,
			);
			runOnlyForDeploymentPostprocessing = 0;
		};
		09107C1A2C00C67F000BE40B /* Resources */ = {
			isa = PBXResourcesBuildPhase;
			buildActionMask = 2147483647;
			files = (
			);
			runOnlyForDeploymentPostprocessing = 0;
		};
		09107C242C00C67F000BE40B /* Resources */ = {
			isa = PBXResourcesBuildPhase;
			buildActionMask = 2147483647;
			files = (
			);
			runOnlyForDeploymentPostprocessing = 0;
		};
/* End PBXResourcesBuildPhase section */

/* Begin PBXSourcesBuildPhase section */
		09107C082C00C67C000BE40B /* Sources */ = {
			isa = PBXSourcesBuildPhase;
			buildActionMask = 2147483647;
			files = (
				87C416E72C04A28500EDD7EA /* AppModels.swift in Sources */,
				8712C3832C074EF700D06B0D /* CitySearchView.swift in Sources */,
				091E54F72C03847B0027818A /* WeatherManager.swift in Sources */,
				091E54FF2C038EEF0027818A /* Extensions.swift in Sources */,
				09107C122C00C67C000BE40B /* ContentView.swift in Sources */,
				09107C102C00C67C000BE40B /* WeatherApp.swift in Sources */,
				091E54EE2C0374AB0027818A /* LocationManager.swift in Sources */,
				091E55022C0394F90027818A /* WeatherRow.swift in Sources */,
				091E54F32C037AE40027818A /* LoadingView.swift in Sources */,
				8712C3812C0732C000D06B0D /* WeatherAPI.swift in Sources */,
				091E54FB2C038DE20027818A /* ModelData.swift in Sources */,
				091E54F92C0389C20027818A /* WeatherView.swift in Sources */,
				8712C37F2C072CF400D06B0D /* WeatherService.swift in Sources */,
				091E54F12C03765C0027818A /* WelcomeView.swift in Sources */,
			);
			runOnlyForDeploymentPostprocessing = 0;
		};
		09107C182C00C67F000BE40B /* Sources */ = {
			isa = PBXSourcesBuildPhase;
			buildActionMask = 2147483647;
			files = (
				09107C212C00C67F000BE40B /* WeatherAppTests.swift in Sources */,
			);
			runOnlyForDeploymentPostprocessing = 0;
		};
		09107C222C00C67F000BE40B /* Sources */ = {
			isa = PBXSourcesBuildPhase;
			buildActionMask = 2147483647;
			files = (
				09107C2B2C00C67F000BE40B /* WeatherAppUITests.swift in Sources */,
				09107C2D2C00C67F000BE40B /* WeatherAppUITestsLaunchTests.swift in Sources */,
			);
			runOnlyForDeploymentPostprocessing = 0;
		};
/* End PBXSourcesBuildPhase section */

/* Begin PBXTargetDependency section */
		09107C1E2C00C67F000BE40B /* PBXTargetDependency */ = {
			isa = PBXTargetDependency;
			target = 09107C0B2C00C67C000BE40B /* WeatherApp */;
			targetProxy = 09107C1D2C00C67F000BE40B /* PBXContainerItemProxy */;
		};
		09107C282C00C67F000BE40B /* PBXTargetDependency */ = {
			isa = PBXTargetDependency;
			target = 09107C0B2C00C67C000BE40B /* WeatherApp */;
			targetProxy = 09107C272C00C67F000BE40B /* PBXContainerItemProxy */;
		};
/* End PBXTargetDependency section */

/* Begin XCBuildConfiguration section */
		09107C2E2C00C67F000BE40B /* Debug */ = {
			isa = XCBuildConfiguration;
			buildSettings = {
				ALWAYS_SEARCH_USER_PATHS = NO;
				ASSETCATALOG_COMPILER_GENERATE_SWIFT_ASSET_SYMBOL_EXTENSIONS = YES;
				CLANG_ANALYZER_NONNULL = YES;
				CLANG_ANALYZER_NUMBER_OBJECT_CONVERSION = YES_AGGRESSIVE;
				CLANG_CXX_LANGUAGE_STANDARD = "gnu++20";
				CLANG_ENABLE_MODULES = YES;
				CLANG_ENABLE_OBJC_ARC = YES;
				CLANG_ENABLE_OBJC_WEAK = YES;
				CLANG_WARN_BLOCK_CAPTURE_AUTORELEASING = YES;
				CLANG_WARN_BOOL_CONVERSION = YES;
				CLANG_WARN_COMMA = YES;
				CLANG_WARN_CONSTANT_CONVERSION = YES;
				CLANG_WARN_DEPRECATED_OBJC_IMPLEMENTATIONS = YES;
				CLANG_WARN_DIRECT_OBJC_ISA_USAGE = YES_ERROR;
				CLANG_WARN_DOCUMENTATION_COMMENTS = YES;
				CLANG_WARN_EMPTY_BODY = YES;
				CLANG_WARN_ENUM_CONVERSION = YES;
				CLANG_WARN_INFINITE_RECURSION = YES;
				CLANG_WARN_INT_CONVERSION = YES;
				CLANG_WARN_NON_LITERAL_NULL_CONVERSION = YES;
				CLANG_WARN_OBJC_IMPLICIT_RETAIN_SELF = YES;
				CLANG_WARN_OBJC_LITERAL_CONVERSION = YES;
				CLANG_WARN_OBJC_ROOT_CLASS = YES_ERROR;
				CLANG_WARN_QUOTED_INCLUDE_IN_FRAMEWORK_HEADER = YES;
				CLANG_WARN_RANGE_LOOP_ANALYSIS = YES;
				CLANG_WARN_STRICT_PROTOTYPES = YES;
				CLANG_WARN_SUSPICIOUS_MOVE = YES;
				CLANG_WARN_UNGUARDED_AVAILABILITY = YES_AGGRESSIVE;
				CLANG_WARN_UNREACHABLE_CODE = YES;
				CLANG_WARN__DUPLICATE_METHOD_MATCH = YES;
				COPY_PHASE_STRIP = NO;
				DEBUG_INFORMATION_FORMAT = dwarf;
				ENABLE_STRICT_OBJC_MSGSEND = YES;
				ENABLE_TESTABILITY = YES;
				ENABLE_USER_SCRIPT_SANDBOXING = YES;
				GCC_C_LANGUAGE_STANDARD = gnu17;
				GCC_DYNAMIC_NO_PIC = NO;
				GCC_NO_COMMON_BLOCKS = YES;
				GCC_OPTIMIZATION_LEVEL = 0;
				GCC_PREPROCESSOR_DEFINITIONS = (
					"DEBUG=1",
					"$(inherited)",
				);
				GCC_WARN_64_TO_32_BIT_CONVERSION = YES;
				GCC_WARN_ABOUT_RETURN_TYPE = YES_ERROR;
				GCC_WARN_UNDECLARED_SELECTOR = YES;
				GCC_WARN_UNINITIALIZED_AUTOS = YES_AGGRESSIVE;
				GCC_WARN_UNUSED_FUNCTION = YES;
				GCC_WARN_UNUSED_VARIABLE = YES;
				IPHONEOS_DEPLOYMENT_TARGET = 16.0;
				LOCALIZATION_PREFERS_STRING_CATALOGS = YES;
				MTL_ENABLE_DEBUG_INFO = INCLUDE_SOURCE;
				MTL_FAST_MATH = YES;
				ONLY_ACTIVE_ARCH = YES;
				SDKROOT = iphoneos;
				SWIFT_ACTIVE_COMPILATION_CONDITIONS = "DEBUG $(inherited)";
				SWIFT_OPTIMIZATION_LEVEL = "-Onone";
			};
			name = Debug;
		};
		09107C2F2C00C67F000BE40B /* Release */ = {
			isa = XCBuildConfiguration;
			buildSettings = {
				ALWAYS_SEARCH_USER_PATHS = NO;
				ASSETCATALOG_COMPILER_GENERATE_SWIFT_ASSET_SYMBOL_EXTENSIONS = YES;
				CLANG_ANALYZER_NONNULL = YES;
				CLANG_ANALYZER_NUMBER_OBJECT_CONVERSION = YES_AGGRESSIVE;
				CLANG_CXX_LANGUAGE_STANDARD = "gnu++20";
				CLANG_ENABLE_MODULES = YES;
				CLANG_ENABLE_OBJC_ARC = YES;
				CLANG_ENABLE_OBJC_WEAK = YES;
				CLANG_WARN_BLOCK_CAPTURE_AUTORELEASING = YES;
				CLANG_WARN_BOOL_CONVERSION = YES;
				CLANG_WARN_COMMA = YES;
				CLANG_WARN_CONSTANT_CONVERSION = YES;
				CLANG_WARN_DEPRECATED_OBJC_IMPLEMENTATIONS = YES;
				CLANG_WARN_DIRECT_OBJC_ISA_USAGE = YES_ERROR;
				CLANG_WARN_DOCUMENTATION_COMMENTS = YES;
				CLANG_WARN_EMPTY_BODY = YES;
				CLANG_WARN_ENUM_CONVERSION = YES;
				CLANG_WARN_INFINITE_RECURSION = YES;
				CLANG_WARN_INT_CONVERSION = YES;
				CLANG_WARN_NON_LITERAL_NULL_CONVERSION = YES;
				CLANG_WARN_OBJC_IMPLICIT_RETAIN_SELF = YES;
				CLANG_WARN_OBJC_LITERAL_CONVERSION = YES;
				CLANG_WARN_OBJC_ROOT_CLASS = YES_ERROR;
				CLANG_WARN_QUOTED_INCLUDE_IN_FRAMEWORK_HEADER = YES;
				CLANG_WARN_RANGE_LOOP_ANALYSIS = YES;
				CLANG_WARN_STRICT_PROTOTYPES = YES;
				CLANG_WARN_SUSPICIOUS_MOVE = YES;
				CLANG_WARN_UNGUARDED_AVAILABILITY = YES_AGGRESSIVE;
				CLANG_WARN_UNREACHABLE_CODE = YES;
				CLANG_WARN__DUPLICATE_METHOD_MATCH = YES;
				COPY_PHASE_STRIP = NO;
				DEBUG_INFORMATION_FORMAT = "dwarf-with-dsym";
				ENABLE_NS_ASSERTIONS = NO;
				ENABLE_STRICT_OBJC_MSGSEND = YES;
				ENABLE_USER_SCRIPT_SANDBOXING = YES;
				GCC_C_LANGUAGE_STANDARD = gnu17;
				GCC_NO_COMMON_BLOCKS = YES;
				GCC_WARN_64_TO_32_BIT_CONVERSION = YES;
				GCC_WARN_ABOUT_RETURN_TYPE = YES_ERROR;
				GCC_WARN_UNDECLARED_SELECTOR = YES;
				GCC_WARN_UNINITIALIZED_AUTOS = YES_AGGRESSIVE;
				GCC_WARN_UNUSED_FUNCTION = YES;
				GCC_WARN_UNUSED_VARIABLE = YES;
				IPHONEOS_DEPLOYMENT_TARGET = 16.0;
				LOCALIZATION_PREFERS_STRING_CATALOGS = YES;
				MTL_ENABLE_DEBUG_INFO = NO;
				MTL_FAST_MATH = YES;
				SDKROOT = iphoneos;
				SWIFT_COMPILATION_MODE = wholemodule;
				VALIDATE_PRODUCT = YES;
			};
			name = Release;
		};
		09107C312C00C67F000BE40B /* Debug */ = {
			isa = XCBuildConfiguration;
			buildSettings = {
				ASSETCATALOG_COMPILER_APPICON_NAME = AppIcon;
				ASSETCATALOG_COMPILER_GLOBAL_ACCENT_COLOR_NAME = AccentColor;
				CODE_SIGN_STYLE = Automatic;
				CURRENT_PROJECT_VERSION = 1;
				DEVELOPMENT_ASSET_PATHS = "\"WeatherApp/Preview Content\"";
				DEVELOPMENT_TEAM = 76BAQ4653F;
				ENABLE_PREVIEWS = YES;
				GENERATE_INFOPLIST_FILE = YES;
				INFOPLIST_KEY_UIApplicationSceneManifest_Generation = YES;
				INFOPLIST_KEY_UIApplicationSupportsIndirectInputEvents = YES;
				INFOPLIST_KEY_UILaunchScreen_Generation = YES;
				INFOPLIST_KEY_UISupportedInterfaceOrientations_iPad = "UIInterfaceOrientationPortrait UIInterfaceOrientationPortraitUpsideDown UIInterfaceOrientationLandscapeLeft UIInterfaceOrientationLandscapeRight";
				INFOPLIST_KEY_UISupportedInterfaceOrientations_iPhone = "UIInterfaceOrientationPortrait UIInterfaceOrientationLandscapeLeft UIInterfaceOrientationLandscapeRight";
				IPHONEOS_DEPLOYMENT_TARGET = 16.0;
				LD_RUNPATH_SEARCH_PATHS = (
					"$(inherited)",
					"@executable_path/Frameworks",
				);
				MARKETING_VERSION = 1.0;
				PRODUCT_BUNDLE_IDENTIFIER = com.pawan.WeatherApp1;
				PRODUCT_NAME = "$(TARGET_NAME)";
				SWIFT_EMIT_LOC_STRINGS = YES;
				SWIFT_VERSION = 5.0;
				TARGETED_DEVICE_FAMILY = "1,2";
			};
			name = Debug;
		};
		09107C322C00C67F000BE40B /* Release */ = {
			isa = XCBuildConfiguration;
			buildSettings = {
				ASSETCATALOG_COMPILER_APPICON_NAME = AppIcon;
				ASSETCATALOG_COMPILER_GLOBAL_ACCENT_COLOR_NAME = AccentColor;
				CODE_SIGN_STYLE = Automatic;
				CURRENT_PROJECT_VERSION = 1;
				DEVELOPMENT_ASSET_PATHS = "\"WeatherApp/Preview Content\"";
				DEVELOPMENT_TEAM = 76BAQ4653F;
				ENABLE_PREVIEWS = YES;
				GENERATE_INFOPLIST_FILE = YES;
				INFOPLIST_KEY_UIApplicationSceneManifest_Generation = YES;
				INFOPLIST_KEY_UIApplicationSupportsIndirectInputEvents = YES;
				INFOPLIST_KEY_UILaunchScreen_Generation = YES;
				INFOPLIST_KEY_UISupportedInterfaceOrientations_iPad = "UIInterfaceOrientationPortrait UIInterfaceOrientationPortraitUpsideDown UIInterfaceOrientationLandscapeLeft UIInterfaceOrientationLandscapeRight";
				INFOPLIST_KEY_UISupportedInterfaceOrientations_iPhone = "UIInterfaceOrientationPortrait UIInterfaceOrientationLandscapeLeft UIInterfaceOrientationLandscapeRight";
				IPHONEOS_DEPLOYMENT_TARGET = 16.0;
				LD_RUNPATH_SEARCH_PATHS = (
					"$(inherited)",
					"@executable_path/Frameworks",
				);
				MARKETING_VERSION = 1.0;
				PRODUCT_BUNDLE_IDENTIFIER = com.pawan.WeatherApp1;
				PRODUCT_NAME = "$(TARGET_NAME)";
				SWIFT_EMIT_LOC_STRINGS = YES;
				SWIFT_VERSION = 5.0;
				TARGETED_DEVICE_FAMILY = "1,2";
			};
			name = Release;
		};
		09107C342C00C67F000BE40B /* Debug */ = {
			isa = XCBuildConfiguration;
			buildSettings = {
				ALWAYS_EMBED_SWIFT_STANDARD_LIBRARIES = YES;
				BUNDLE_LOADER = "$(TEST_HOST)";
				CODE_SIGN_STYLE = Automatic;
				CURRENT_PROJECT_VERSION = 1;
				DEVELOPMENT_TEAM = MGY888FTLL;
				GENERATE_INFOPLIST_FILE = YES;
				IPHONEOS_DEPLOYMENT_TARGET = 16.0;
				MARKETING_VERSION = 1.0;
				PRODUCT_BUNDLE_IDENTIFIER = com.pawan.WeatherAppTests;
				PRODUCT_NAME = "$(TARGET_NAME)";
				SWIFT_EMIT_LOC_STRINGS = NO;
				SWIFT_VERSION = 5.0;
				TARGETED_DEVICE_FAMILY = "1,2";
				TEST_HOST = "$(BUILT_PRODUCTS_DIR)/WeatherApp.app/$(BUNDLE_EXECUTABLE_FOLDER_PATH)/WeatherApp";
			};
			name = Debug;
		};
		09107C352C00C67F000BE40B /* Release */ = {
			isa = XCBuildConfiguration;
			buildSettings = {
				ALWAYS_EMBED_SWIFT_STANDARD_LIBRARIES = YES;
				BUNDLE_LOADER = "$(TEST_HOST)";
				CODE_SIGN_STYLE = Automatic;
				CURRENT_PROJECT_VERSION = 1;
				DEVELOPMENT_TEAM = MGY888FTLL;
				GENERATE_INFOPLIST_FILE = YES;
				IPHONEOS_DEPLOYMENT_TARGET = 16.0;
				MARKETING_VERSION = 1.0;
				PRODUCT_BUNDLE_IDENTIFIER = com.pawan.WeatherAppTests;
				PRODUCT_NAME = "$(TARGET_NAME)";
				SWIFT_EMIT_LOC_STRINGS = NO;
				SWIFT_VERSION = 5.0;
				TARGETED_DEVICE_FAMILY = "1,2";
				TEST_HOST = "$(BUILT_PRODUCTS_DIR)/WeatherApp.app/$(BUNDLE_EXECUTABLE_FOLDER_PATH)/WeatherApp";
			};
			name = Release;
		};
		09107C372C00C67F000BE40B /* Debug */ = {
			isa = XCBuildConfiguration;
			buildSettings = {
				ALWAYS_EMBED_SWIFT_STANDARD_LIBRARIES = YES;
				CODE_SIGN_STYLE = Automatic;
				CURRENT_PROJECT_VERSION = 1;
				DEVELOPMENT_TEAM = MGY888FTLL;
				GENERATE_INFOPLIST_FILE = YES;
				IPHONEOS_DEPLOYMENT_TARGET = 16.0;
				MARKETING_VERSION = 1.0;
				PRODUCT_BUNDLE_IDENTIFIER = com.pawan.WeatherAppUITests;
				PRODUCT_NAME = "$(TARGET_NAME)";
				SWIFT_EMIT_LOC_STRINGS = NO;
				SWIFT_VERSION = 5.0;
				TARGETED_DEVICE_FAMILY = "1,2";
				TEST_TARGET_NAME = WeatherApp;
			};
			name = Debug;
		};
		09107C382C00C67F000BE40B /* Release */ = {
			isa = XCBuildConfiguration;
			buildSettings = {
				ALWAYS_EMBED_SWIFT_STANDARD_LIBRARIES = YES;
				CODE_SIGN_STYLE = Automatic;
				CURRENT_PROJECT_VERSION = 1;
				DEVELOPMENT_TEAM = MGY888FTLL;
				GENERATE_INFOPLIST_FILE = YES;
				IPHONEOS_DEPLOYMENT_TARGET = 16.0;
				MARKETING_VERSION = 1.0;
				PRODUCT_BUNDLE_IDENTIFIER = com.pawan.WeatherAppUITests;
				PRODUCT_NAME = "$(TARGET_NAME)";
				SWIFT_EMIT_LOC_STRINGS = NO;
				SWIFT_VERSION = 5.0;
				TARGETED_DEVICE_FAMILY = "1,2";
				TEST_TARGET_NAME = WeatherApp;
			};
			name = Release;
		};
/* End XCBuildConfiguration section */

/* Begin XCConfigurationList section */
		09107C072C00C67C000BE40B /* Build configuration list for PBXProject "WeatherApp" */ = {
			isa = XCConfigurationList;
			buildConfigurations = (
				09107C2E2C00C67F000BE40B /* Debug */,
				09107C2F2C00C67F000BE40B /* Release */,
			);
			defaultConfigurationIsVisible = 0;
			defaultConfigurationName = Release;
		};
		09107C302C00C67F000BE40B /* Build configuration list for PBXNativeTarget "WeatherApp" */ = {
			isa = XCConfigurationList;
			buildConfigurations = (
				09107C312C00C67F000BE40B /* Debug */,
				09107C322C00C67F000BE40B /* Release */,
			);
			defaultConfigurationIsVisible = 0;
			defaultConfigurationName = Release;
		};
		09107C332C00C67F000BE40B /* Build configuration list for PBXNativeTarget "WeatherAppTests" */ = {
			isa = XCConfigurationList;
			buildConfigurations = (
				09107C342C00C67F000BE40B /* Debug */,
				09107C352C00C67F000BE40B /* Release */,
			);
			defaultConfigurationIsVisible = 0;
			defaultConfigurationName = Release;
		};
		09107C362C00C67F000BE40B /* Build configuration list for PBXNativeTarget "WeatherAppUITests" */ = {
			isa = XCConfigurationList;
			buildConfigurations = (
				09107C372C00C67F000BE40B /* Debug */,
				09107C382C00C67F000BE40B /* Release */,
			);
			defaultConfigurationIsVisible = 0;
			defaultConfigurationName = Release;
		};
/* End XCConfigurationList section */
	};
	rootObject = 09107C042C00C67C000BE40B /* Project object */;
}
